// !$*UTF8*$!
{
	archiveVersion = 1;
	classes = {
	};
	objectVersion = 56;
	objects = {

/* Begin PBXBuildFile section */
		833321C02C7B6A7C00C94D9D /* CategoryAddAndEditView.swift in Sources */ = {isa = PBXBuildFile; fileRef = 833321BF2C7B6A7C00C94D9D /* CategoryAddAndEditView.swift */; };
		833707C62CA433A80050D1C7 /* CombineMoya in Frameworks */ = {isa = PBXBuildFile; productRef = 833707C52CA433A80050D1C7 /* CombineMoya */; };
		833707C82CA433A80050D1C7 /* Moya in Frameworks */ = {isa = PBXBuildFile; productRef = 833707C72CA433A80050D1C7 /* Moya */; };
		833707CA2CA433A80050D1C7 /* ReactiveMoya in Frameworks */ = {isa = PBXBuildFile; productRef = 833707C92CA433A80050D1C7 /* ReactiveMoya */; };
		833707CC2CA433A80050D1C7 /* RxMoya in Frameworks */ = {isa = PBXBuildFile; productRef = 833707CB2CA433A80050D1C7 /* RxMoya */; };
		833707DF2CA4373D0050D1C7 /* GoogleSignIn in Frameworks */ = {isa = PBXBuildFile; productRef = 833707DE2CA4373D0050D1C7 /* GoogleSignIn */; };
		833707E12CA4373D0050D1C7 /* GoogleSignInSwift in Frameworks */ = {isa = PBXBuildFile; productRef = 833707E02CA4373D0050D1C7 /* GoogleSignInSwift */; };
		833707E42CA4392B0050D1C7 /* GoogleSignIn in Frameworks */ = {isa = PBXBuildFile; productRef = 833707E32CA4392B0050D1C7 /* GoogleSignIn */; };
		833707E62CA4392B0050D1C7 /* GoogleSignInSwift in Frameworks */ = {isa = PBXBuildFile; productRef = 833707E52CA4392B0050D1C7 /* GoogleSignInSwift */; };
		833707E82CA43EED0050D1C7 /* FindTopUIViewController.swift in Sources */ = {isa = PBXBuildFile; fileRef = 833707E72CA43EED0050D1C7 /* FindTopUIViewController.swift */; };
		8349F5F02CB0030700746163 /* saveToKeychain.swift in Sources */ = {isa = PBXBuildFile; fileRef = 8349F5EF2CB0030700746163 /* saveToKeychain.swift */; };
		8349F5F22CB0036E00746163 /* loadFromKeychain.swift in Sources */ = {isa = PBXBuildFile; fileRef = 8349F5F12CB0036E00746163 /* loadFromKeychain.swift */; };
		8349F5F42CB003EA00746163 /* deleteFromKeychain.swift in Sources */ = {isa = PBXBuildFile; fileRef = 8349F5F32CB003EA00746163 /* deleteFromKeychain.swift */; };
		8349F5F82CB010D500746163 /* TokenInterceptor.swift in Sources */ = {isa = PBXBuildFile; fileRef = 8349F5F72CB010D500746163 /* TokenInterceptor.swift */; };
		8349F5FB2CB011E600746163 /* TokenRefreshAPI.swift in Sources */ = {isa = PBXBuildFile; fileRef = 8349F5FA2CB011E600746163 /* TokenRefreshAPI.swift */; };
		8349F5FD2CB0139200746163 /* TokenRefreshService.swift in Sources */ = {isa = PBXBuildFile; fileRef = 8349F5FC2CB0139200746163 /* TokenRefreshService.swift */; };
		8349F6012CB0147B00746163 /* TokenRefreshResponseDTO.swift in Sources */ = {isa = PBXBuildFile; fileRef = 8349F6002CB0147B00746163 /* TokenRefreshResponseDTO.swift */; };
		835F7AD22C70CD3F006AEE89 /* FetchImageByURL.swift in Sources */ = {isa = PBXBuildFile; fileRef = 835F7AD12C70CD3F006AEE89 /* FetchImageByURL.swift */; };
		8369B3752C6905F6005ACDBD /* ColorExtension.swift in Sources */ = {isa = PBXBuildFile; fileRef = 8369B3742C6905F6005ACDBD /* ColorExtension.swift */; };
		8383B48C2C74C74700C9127F /* MyPageView.swift in Sources */ = {isa = PBXBuildFile; fileRef = 8383B48B2C74C74700C9127F /* MyPageView.swift */; };
		8385C5A42C6E1EE600D1DD21 /* EventDetailSample.swift in Sources */ = {isa = PBXBuildFile; fileRef = 8385C5A32C6E1EE600D1DD21 /* EventDetailSample.swift */; };
		8385C5A62C6E229800D1DD21 /* EventDetailView.swift in Sources */ = {isa = PBXBuildFile; fileRef = 8385C5A52C6E229800D1DD21 /* EventDetailView.swift */; };
		8385C5AB2C6E6B1500D1DD21 /* CategoryLabelView.swift in Sources */ = {isa = PBXBuildFile; fileRef = 8385C5AA2C6E6B1500D1DD21 /* CategoryLabelView.swift */; };
		8385C5AD2C6E6B5E00D1DD21 /* ImageCarouselView.swift in Sources */ = {isa = PBXBuildFile; fileRef = 8385C5AC2C6E6B5E00D1DD21 /* ImageCarouselView.swift */; };
		8389AB302CB10DC100580F4D /* CategoryService.swift in Sources */ = {isa = PBXBuildFile; fileRef = 8389AB2E2CB10DC100580F4D /* CategoryService.swift */; };
		8389AB312CB10DC100580F4D /* CategoryListResponseDTO.swift in Sources */ = {isa = PBXBuildFile; fileRef = 8389AB2A2CB10DC100580F4D /* CategoryListResponseDTO.swift */; };
		8389AB322CB10DC100580F4D /* CategoryAPI.swift in Sources */ = {isa = PBXBuildFile; fileRef = 8389AB2D2CB10DC100580F4D /* CategoryAPI.swift */; };
		8389AB372CB10FF600580F4D /* CategoryListViewModel.swift in Sources */ = {isa = PBXBuildFile; fileRef = 8389AB362CB10FF600580F4D /* CategoryListViewModel.swift */; };
		8389AB3A2CB1286000580F4D /* CategoryRequestDTO.swift in Sources */ = {isa = PBXBuildFile; fileRef = 8389AB392CB1286000580F4D /* CategoryRequestDTO.swift */; };
		83A3E2672C7A193B00ADDB55 /* DevelopersView.swift in Sources */ = {isa = PBXBuildFile; fileRef = 83A3E2662C7A193B00ADDB55 /* DevelopersView.swift */; };
		83B1C6B32C74E76900740EA3 /* CategoryListView.swift in Sources */ = {isa = PBXBuildFile; fileRef = 83B1C6B22C74E76900740EA3 /* CategoryListView.swift */; };
		83B5CA892C690DCE00C69ED1 /* TabBarView.swift in Sources */ = {isa = PBXBuildFile; fileRef = 83B5CA882C690DCE00C69ED1 /* TabBarView.swift */; };
		83B5CA8B2C6910D900C69ED1 /* FontExtension.swift in Sources */ = {isa = PBXBuildFile; fileRef = 83B5CA8A2C6910D900C69ED1 /* FontExtension.swift */; };
		83B5CA972C6911AF00C69ED1 /* Pretendard-Black.ttf in Resources */ = {isa = PBXBuildFile; fileRef = 83B5CA8E2C6911AE00C69ED1 /* Pretendard-Black.ttf */; };
		83B5CA982C6911AF00C69ED1 /* Pretendard-ExtraBold.ttf in Resources */ = {isa = PBXBuildFile; fileRef = 83B5CA8F2C6911AF00C69ED1 /* Pretendard-ExtraBold.ttf */; };
		83B5CA992C6911AF00C69ED1 /* Pretendard-Bold.ttf in Resources */ = {isa = PBXBuildFile; fileRef = 83B5CA902C6911AF00C69ED1 /* Pretendard-Bold.ttf */; };
		83B5CA9A2C6911AF00C69ED1 /* Pretendard-Regular.ttf in Resources */ = {isa = PBXBuildFile; fileRef = 83B5CA912C6911AF00C69ED1 /* Pretendard-Regular.ttf */; };
		83B5CA9B2C6911AF00C69ED1 /* Pretendard-Medium.ttf in Resources */ = {isa = PBXBuildFile; fileRef = 83B5CA922C6911AF00C69ED1 /* Pretendard-Medium.ttf */; };
		83B5CA9C2C6911AF00C69ED1 /* Pretendard-Light.ttf in Resources */ = {isa = PBXBuildFile; fileRef = 83B5CA932C6911AF00C69ED1 /* Pretendard-Light.ttf */; };
		83B5CA9D2C6911AF00C69ED1 /* Pretendard-SemiBold.ttf in Resources */ = {isa = PBXBuildFile; fileRef = 83B5CA942C6911AF00C69ED1 /* Pretendard-SemiBold.ttf */; };
		83B5CA9E2C6911AF00C69ED1 /* Pretendard-ExtraLight.ttf in Resources */ = {isa = PBXBuildFile; fileRef = 83B5CA952C6911AF00C69ED1 /* Pretendard-ExtraLight.ttf */; };
		83B5CA9F2C6911AF00C69ED1 /* Pretendard-Thin.ttf in Resources */ = {isa = PBXBuildFile; fileRef = 83B5CA962C6911AF00C69ED1 /* Pretendard-Thin.ttf */; };
		83BD79882C68BB570044C453 /* CookieeApp.swift in Sources */ = {isa = PBXBuildFile; fileRef = 83BD79872C68BB570044C453 /* CookieeApp.swift */; };
		83BD798A2C68BB570044C453 /* ContentView.swift in Sources */ = {isa = PBXBuildFile; fileRef = 83BD79892C68BB570044C453 /* ContentView.swift */; };
		83BD798C2C68BB580044C453 /* Assets.xcassets in Resources */ = {isa = PBXBuildFile; fileRef = 83BD798B2C68BB580044C453 /* Assets.xcassets */; };
		83BD798F2C68BB580044C453 /* Preview Assets.xcassets in Resources */ = {isa = PBXBuildFile; fileRef = 83BD798E2C68BB580044C453 /* Preview Assets.xcassets */; };
		83BD79992C68BB590044C453 /* CookieeTests.swift in Sources */ = {isa = PBXBuildFile; fileRef = 83BD79982C68BB590044C453 /* CookieeTests.swift */; };
		83BD79A32C68BB590044C453 /* CookieeUITests.swift in Sources */ = {isa = PBXBuildFile; fileRef = 83BD79A22C68BB590044C453 /* CookieeUITests.swift */; };
		83BD79A52C68BB590044C453 /* CookieeUITestsLaunchTests.swift in Sources */ = {isa = PBXBuildFile; fileRef = 83BD79A42C68BB590044C453 /* CookieeUITestsLaunchTests.swift */; };
		83BD79B92C68BE4C0044C453 /* SocialLoginView.swift in Sources */ = {isa = PBXBuildFile; fileRef = 83BD79B82C68BE4C0044C453 /* SocialLoginView.swift */; };
		83C861BC2C74E1DC004FDF7A /* PrivacyPolicyView.swift in Sources */ = {isa = PBXBuildFile; fileRef = 83C861BB2C74E1DC004FDF7A /* PrivacyPolicyView.swift */; };
		83DA005F2C79BE7400B8CD46 /* ProfileEditView.swift in Sources */ = {isa = PBXBuildFile; fileRef = 83DA005E2C79BE7400B8CD46 /* ProfileEditView.swift */; };
		83DA00612C79C55500B8CD46 /* ImagePicker.swift in Sources */ = {isa = PBXBuildFile; fileRef = 83DA00602C79C55500B8CD46 /* ImagePicker.swift */; };
		83DC7F812C69DF76002AB210 /* HomeCalendarView.swift in Sources */ = {isa = PBXBuildFile; fileRef = 83DC7F802C69DF76002AB210 /* HomeCalendarView.swift */; };
		83DC7F832C6A2A1D002AB210 /* DateView.swift in Sources */ = {isa = PBXBuildFile; fileRef = 83DC7F822C6A2A1D002AB210 /* DateView.swift */; };
		83DEB9882C9B05BC0049F7CD /* EventAddView.swift in Sources */ = {isa = PBXBuildFile; fileRef = 83DEB9872C9B05BC0049F7CD /* EventAddView.swift */; };
		83E540172C6CE6B900509671 /* EventListSample.swift in Sources */ = {isa = PBXBuildFile; fileRef = 83E540162C6CE6B900509671 /* EventListSample.swift */; };
		83E76C6E2CB6AE88000FEA67 /* CustomAlertView.swift in Sources */ = {isa = PBXBuildFile; fileRef = 83E76C6D2CB6AE88000FEA67 /* CustomAlertView.swift */; };
		83E76C792CB6D0A9000FEA67 /* SignOutResponseDTO.swift in Sources */ = {isa = PBXBuildFile; fileRef = 83E76C782CB6D0A9000FEA67 /* SignOutResponseDTO.swift */; };
		83E76C7B2CB6D10E000FEA67 /* SignOutAPI.swift in Sources */ = {isa = PBXBuildFile; fileRef = 83E76C7A2CB6D10E000FEA67 /* SignOutAPI.swift */; };
		83E76C7D2CB6D1C2000FEA67 /* SignOutService.swift in Sources */ = {isa = PBXBuildFile; fileRef = 83E76C7C2CB6D1C2000FEA67 /* SignOutService.swift */; };
		83E76C822CB6D575000FEA67 /* SignUpRequestDTO.swift in Sources */ = {isa = PBXBuildFile; fileRef = 83E76C812CB6D575000FEA67 /* SignUpRequestDTO.swift */; };
		83E76C852CB6D5FF000FEA67 /* SignUpResponseDTO.swift in Sources */ = {isa = PBXBuildFile; fileRef = 83E76C842CB6D5FF000FEA67 /* SignUpResponseDTO.swift */; };
		83E76C872CB6D6D3000FEA67 /* SignUpAPI.swift in Sources */ = {isa = PBXBuildFile; fileRef = 83E76C862CB6D6D3000FEA67 /* SignUpAPI.swift */; };
		83E76C892CB6D84E000FEA67 /* SignUpService.swift in Sources */ = {isa = PBXBuildFile; fileRef = 83E76C882CB6D84E000FEA67 /* SignUpService.swift */; };
		83E76C8E2CB6DACA000FEA67 /* SignUpViewModel.swift in Sources */ = {isa = PBXBuildFile; fileRef = 83E76C8D2CB6DACA000FEA67 /* SignUpViewModel.swift */; };
		83EE1DA82CB0372B009E4488 /* ThumbnailListResponseDTO.swift in Sources */ = {isa = PBXBuildFile; fileRef = 83EE1DA72CB0372B009E4488 /* ThumbnailListResponseDTO.swift */; };
		83EE1DAA2CB038F0009E4488 /* ThumbnailAPI.swift in Sources */ = {isa = PBXBuildFile; fileRef = 83EE1DA92CB038F0009E4488 /* ThumbnailAPI.swift */; };
		83EE1DAC2CB039EA009E4488 /* ThumbnailService.swift in Sources */ = {isa = PBXBuildFile; fileRef = 83EE1DAB2CB039EA009E4488 /* ThumbnailService.swift */; };
		83F02CB32CAC0920001E8329 /* GoogleLoginResponseDTO.swift in Sources */ = {isa = PBXBuildFile; fileRef = 83F02CB22CAC0920001E8329 /* GoogleLoginResponseDTO.swift */; };
		83F02CB52CAC0A8E001E8329 /* GoogleLoginAPI.swift in Sources */ = {isa = PBXBuildFile; fileRef = 83F02CB42CAC0A8E001E8329 /* GoogleLoginAPI.swift */; };
		83F02CB82CAC0ACE001E8329 /* BaseTargetType.swift in Sources */ = {isa = PBXBuildFile; fileRef = 83F02CB62CAC0ACE001E8329 /* BaseTargetType.swift */; };
		83F02CBA2CAC0B24001E8329 /* GoogleLoginService.swift in Sources */ = {isa = PBXBuildFile; fileRef = 83F02CB92CAC0B24001E8329 /* GoogleLoginService.swift */; };
		83F02CBD2CAC11F2001E8329 /* SignUpView.swift in Sources */ = {isa = PBXBuildFile; fileRef = 83F02CBC2CAC11F2001E8329 /* SignUpView.swift */; };
		83F02CBF2CAC3189001E8329 /* Placeholder.swift in Sources */ = {isa = PBXBuildFile; fileRef = 83F02CBE2CAC3189001E8329 /* Placeholder.swift */; };
		83F80D492C79AD18001231A9 /* ColorPickerView.swift in Sources */ = {isa = PBXBuildFile; fileRef = 83F80D482C79AD18001231A9 /* ColorPickerView.swift */; };
/* End PBXBuildFile section */

/* Begin PBXContainerItemProxy section */
		83BD79952C68BB590044C453 /* PBXContainerItemProxy */ = {
			isa = PBXContainerItemProxy;
			containerPortal = 83BD797C2C68BB570044C453 /* Project object */;
			proxyType = 1;
			remoteGlobalIDString = 83BD79832C68BB570044C453;
			remoteInfo = Cookiee;
		};
		83BD799F2C68BB590044C453 /* PBXContainerItemProxy */ = {
			isa = PBXContainerItemProxy;
			containerPortal = 83BD797C2C68BB570044C453 /* Project object */;
			proxyType = 1;
			remoteGlobalIDString = 83BD79832C68BB570044C453;
			remoteInfo = Cookiee;
		};
/* End PBXContainerItemProxy section */

/* Begin PBXFileReference section */
		833321BF2C7B6A7C00C94D9D /* CategoryAddAndEditView.swift */ = {isa = PBXFileReference; lastKnownFileType = sourcecode.swift; path = CategoryAddAndEditView.swift; sourceTree = "<group>"; };
		833707E72CA43EED0050D1C7 /* FindTopUIViewController.swift */ = {isa = PBXFileReference; lastKnownFileType = sourcecode.swift; path = FindTopUIViewController.swift; sourceTree = "<group>"; };
		8349F5EF2CB0030700746163 /* saveToKeychain.swift */ = {isa = PBXFileReference; lastKnownFileType = sourcecode.swift; path = saveToKeychain.swift; sourceTree = "<group>"; };
		8349F5F12CB0036E00746163 /* loadFromKeychain.swift */ = {isa = PBXFileReference; lastKnownFileType = sourcecode.swift; path = loadFromKeychain.swift; sourceTree = "<group>"; };
		8349F5F32CB003EA00746163 /* deleteFromKeychain.swift */ = {isa = PBXFileReference; lastKnownFileType = sourcecode.swift; path = deleteFromKeychain.swift; sourceTree = "<group>"; };
		8349F5F72CB010D500746163 /* TokenInterceptor.swift */ = {isa = PBXFileReference; lastKnownFileType = sourcecode.swift; path = TokenInterceptor.swift; sourceTree = "<group>"; };
		8349F5FA2CB011E600746163 /* TokenRefreshAPI.swift */ = {isa = PBXFileReference; lastKnownFileType = sourcecode.swift; path = TokenRefreshAPI.swift; sourceTree = "<group>"; };
		8349F5FC2CB0139200746163 /* TokenRefreshService.swift */ = {isa = PBXFileReference; lastKnownFileType = sourcecode.swift; path = TokenRefreshService.swift; sourceTree = "<group>"; };
		8349F6002CB0147B00746163 /* TokenRefreshResponseDTO.swift */ = {isa = PBXFileReference; lastKnownFileType = sourcecode.swift; path = TokenRefreshResponseDTO.swift; sourceTree = "<group>"; };
		835F7AD12C70CD3F006AEE89 /* FetchImageByURL.swift */ = {isa = PBXFileReference; lastKnownFileType = sourcecode.swift; path = FetchImageByURL.swift; sourceTree = "<group>"; };
		8369B3742C6905F6005ACDBD /* ColorExtension.swift */ = {isa = PBXFileReference; lastKnownFileType = sourcecode.swift; path = ColorExtension.swift; sourceTree = "<group>"; };
		8383B48B2C74C74700C9127F /* MyPageView.swift */ = {isa = PBXFileReference; lastKnownFileType = sourcecode.swift; path = MyPageView.swift; sourceTree = "<group>"; };
		8385C5A32C6E1EE600D1DD21 /* EventDetailSample.swift */ = {isa = PBXFileReference; lastKnownFileType = sourcecode.swift; path = EventDetailSample.swift; sourceTree = "<group>"; };
		8385C5A52C6E229800D1DD21 /* EventDetailView.swift */ = {isa = PBXFileReference; lastKnownFileType = sourcecode.swift; path = EventDetailView.swift; sourceTree = "<group>"; };
		8385C5AA2C6E6B1500D1DD21 /* CategoryLabelView.swift */ = {isa = PBXFileReference; lastKnownFileType = sourcecode.swift; path = CategoryLabelView.swift; sourceTree = "<group>"; };
		8385C5AC2C6E6B5E00D1DD21 /* ImageCarouselView.swift */ = {isa = PBXFileReference; lastKnownFileType = sourcecode.swift; path = ImageCarouselView.swift; sourceTree = "<group>"; };
		8389AB2A2CB10DC100580F4D /* CategoryListResponseDTO.swift */ = {isa = PBXFileReference; lastKnownFileType = sourcecode.swift; path = CategoryListResponseDTO.swift; sourceTree = "<group>"; };
		8389AB2D2CB10DC100580F4D /* CategoryAPI.swift */ = {isa = PBXFileReference; lastKnownFileType = sourcecode.swift; path = CategoryAPI.swift; sourceTree = "<group>"; };
		8389AB2E2CB10DC100580F4D /* CategoryService.swift */ = {isa = PBXFileReference; lastKnownFileType = sourcecode.swift; path = CategoryService.swift; sourceTree = "<group>"; };
		8389AB362CB10FF600580F4D /* CategoryListViewModel.swift */ = {isa = PBXFileReference; lastKnownFileType = sourcecode.swift; path = CategoryListViewModel.swift; sourceTree = "<group>"; };
		8389AB392CB1286000580F4D /* CategoryRequestDTO.swift */ = {isa = PBXFileReference; lastKnownFileType = sourcecode.swift; path = CategoryRequestDTO.swift; sourceTree = "<group>"; };
		83A3E2662C7A193B00ADDB55 /* DevelopersView.swift */ = {isa = PBXFileReference; lastKnownFileType = sourcecode.swift; path = DevelopersView.swift; sourceTree = "<group>"; };
		83B1C6B22C74E76900740EA3 /* CategoryListView.swift */ = {isa = PBXFileReference; lastKnownFileType = sourcecode.swift; path = CategoryListView.swift; sourceTree = "<group>"; };
		83B5CA882C690DCE00C69ED1 /* TabBarView.swift */ = {isa = PBXFileReference; lastKnownFileType = sourcecode.swift; path = TabBarView.swift; sourceTree = "<group>"; };
		83B5CA8A2C6910D900C69ED1 /* FontExtension.swift */ = {isa = PBXFileReference; lastKnownFileType = sourcecode.swift; path = FontExtension.swift; sourceTree = "<group>"; };
		83B5CA8E2C6911AE00C69ED1 /* Pretendard-Black.ttf */ = {isa = PBXFileReference; lastKnownFileType = file; name = "Pretendard-Black.ttf"; path = "../../../../../../../Downloads/Pretendard-1.3.9/public/static/alternative/Pretendard-Black.ttf"; sourceTree = "<group>"; };
		83B5CA8F2C6911AF00C69ED1 /* Pretendard-ExtraBold.ttf */ = {isa = PBXFileReference; lastKnownFileType = file; name = "Pretendard-ExtraBold.ttf"; path = "../../../../../../../Downloads/Pretendard-1.3.9/public/static/alternative/Pretendard-ExtraBold.ttf"; sourceTree = "<group>"; };
		83B5CA902C6911AF00C69ED1 /* Pretendard-Bold.ttf */ = {isa = PBXFileReference; lastKnownFileType = file; name = "Pretendard-Bold.ttf"; path = "../../../../../../../Downloads/Pretendard-1.3.9/public/static/alternative/Pretendard-Bold.ttf"; sourceTree = "<group>"; };
		83B5CA912C6911AF00C69ED1 /* Pretendard-Regular.ttf */ = {isa = PBXFileReference; lastKnownFileType = file; name = "Pretendard-Regular.ttf"; path = "../../../../../../../Downloads/Pretendard-1.3.9/public/static/alternative/Pretendard-Regular.ttf"; sourceTree = "<group>"; };
		83B5CA922C6911AF00C69ED1 /* Pretendard-Medium.ttf */ = {isa = PBXFileReference; lastKnownFileType = file; name = "Pretendard-Medium.ttf"; path = "../../../../../../../Downloads/Pretendard-1.3.9/public/static/alternative/Pretendard-Medium.ttf"; sourceTree = "<group>"; };
		83B5CA932C6911AF00C69ED1 /* Pretendard-Light.ttf */ = {isa = PBXFileReference; lastKnownFileType = file; name = "Pretendard-Light.ttf"; path = "../../../../../../../Downloads/Pretendard-1.3.9/public/static/alternative/Pretendard-Light.ttf"; sourceTree = "<group>"; };
		83B5CA942C6911AF00C69ED1 /* Pretendard-SemiBold.ttf */ = {isa = PBXFileReference; lastKnownFileType = file; name = "Pretendard-SemiBold.ttf"; path = "../../../../../../../Downloads/Pretendard-1.3.9/public/static/alternative/Pretendard-SemiBold.ttf"; sourceTree = "<group>"; };
		83B5CA952C6911AF00C69ED1 /* Pretendard-ExtraLight.ttf */ = {isa = PBXFileReference; lastKnownFileType = file; name = "Pretendard-ExtraLight.ttf"; path = "../../../../../../../Downloads/Pretendard-1.3.9/public/static/alternative/Pretendard-ExtraLight.ttf"; sourceTree = "<group>"; };
		83B5CA962C6911AF00C69ED1 /* Pretendard-Thin.ttf */ = {isa = PBXFileReference; lastKnownFileType = file; name = "Pretendard-Thin.ttf"; path = "../../../../../../../Downloads/Pretendard-1.3.9/public/static/alternative/Pretendard-Thin.ttf"; sourceTree = "<group>"; };
		83B5CAA02C6911EB00C69ED1 /* Info.plist */ = {isa = PBXFileReference; lastKnownFileType = text.plist; path = Info.plist; sourceTree = "<group>"; };
		83BD79842C68BB570044C453 /* Cookiee.app */ = {isa = PBXFileReference; explicitFileType = wrapper.application; includeInIndex = 0; path = Cookiee.app; sourceTree = BUILT_PRODUCTS_DIR; };
		83BD79872C68BB570044C453 /* CookieeApp.swift */ = {isa = PBXFileReference; lastKnownFileType = sourcecode.swift; path = CookieeApp.swift; sourceTree = "<group>"; };
		83BD79892C68BB570044C453 /* ContentView.swift */ = {isa = PBXFileReference; lastKnownFileType = sourcecode.swift; path = ContentView.swift; sourceTree = "<group>"; };
		83BD798B2C68BB580044C453 /* Assets.xcassets */ = {isa = PBXFileReference; lastKnownFileType = folder.assetcatalog; path = Assets.xcassets; sourceTree = "<group>"; };
		83BD798E2C68BB580044C453 /* Preview Assets.xcassets */ = {isa = PBXFileReference; lastKnownFileType = folder.assetcatalog; path = "Preview Assets.xcassets"; sourceTree = "<group>"; };
		83BD79942C68BB590044C453 /* CookieeTests.xctest */ = {isa = PBXFileReference; explicitFileType = wrapper.cfbundle; includeInIndex = 0; path = CookieeTests.xctest; sourceTree = BUILT_PRODUCTS_DIR; };
		83BD79982C68BB590044C453 /* CookieeTests.swift */ = {isa = PBXFileReference; lastKnownFileType = sourcecode.swift; path = CookieeTests.swift; sourceTree = "<group>"; };
		83BD799E2C68BB590044C453 /* CookieeUITests.xctest */ = {isa = PBXFileReference; explicitFileType = wrapper.cfbundle; includeInIndex = 0; path = CookieeUITests.xctest; sourceTree = BUILT_PRODUCTS_DIR; };
		83BD79A22C68BB590044C453 /* CookieeUITests.swift */ = {isa = PBXFileReference; lastKnownFileType = sourcecode.swift; path = CookieeUITests.swift; sourceTree = "<group>"; };
		83BD79A42C68BB590044C453 /* CookieeUITestsLaunchTests.swift */ = {isa = PBXFileReference; lastKnownFileType = sourcecode.swift; path = CookieeUITestsLaunchTests.swift; sourceTree = "<group>"; };
		83BD79B12C68BBA10044C453 /* Cookiee.entitlements */ = {isa = PBXFileReference; lastKnownFileType = text.plist.entitlements; path = Cookiee.entitlements; sourceTree = "<group>"; };
		83BD79B82C68BE4C0044C453 /* SocialLoginView.swift */ = {isa = PBXFileReference; lastKnownFileType = sourcecode.swift; path = SocialLoginView.swift; sourceTree = "<group>"; };
		83C861BB2C74E1DC004FDF7A /* PrivacyPolicyView.swift */ = {isa = PBXFileReference; lastKnownFileType = sourcecode.swift; path = PrivacyPolicyView.swift; sourceTree = "<group>"; };
		83DA005E2C79BE7400B8CD46 /* ProfileEditView.swift */ = {isa = PBXFileReference; lastKnownFileType = sourcecode.swift; path = ProfileEditView.swift; sourceTree = "<group>"; };
		83DA00602C79C55500B8CD46 /* ImagePicker.swift */ = {isa = PBXFileReference; lastKnownFileType = sourcecode.swift; path = ImagePicker.swift; sourceTree = "<group>"; };
		83DC7F802C69DF76002AB210 /* HomeCalendarView.swift */ = {isa = PBXFileReference; lastKnownFileType = sourcecode.swift; path = HomeCalendarView.swift; sourceTree = "<group>"; };
		83DC7F822C6A2A1D002AB210 /* DateView.swift */ = {isa = PBXFileReference; lastKnownFileType = sourcecode.swift; path = DateView.swift; sourceTree = "<group>"; };
		83DEB9872C9B05BC0049F7CD /* EventAddView.swift */ = {isa = PBXFileReference; lastKnownFileType = sourcecode.swift; path = EventAddView.swift; sourceTree = "<group>"; };
		83E540162C6CE6B900509671 /* EventListSample.swift */ = {isa = PBXFileReference; lastKnownFileType = sourcecode.swift; path = EventListSample.swift; sourceTree = "<group>"; };
		83E76C6D2CB6AE88000FEA67 /* CustomAlertView.swift */ = {isa = PBXFileReference; lastKnownFileType = sourcecode.swift; path = CustomAlertView.swift; sourceTree = "<group>"; };
		83E76C782CB6D0A9000FEA67 /* SignOutResponseDTO.swift */ = {isa = PBXFileReference; lastKnownFileType = sourcecode.swift; path = SignOutResponseDTO.swift; sourceTree = "<group>"; };
		83E76C7A2CB6D10E000FEA67 /* SignOutAPI.swift */ = {isa = PBXFileReference; lastKnownFileType = sourcecode.swift; path = SignOutAPI.swift; sourceTree = "<group>"; };
		83E76C7C2CB6D1C2000FEA67 /* SignOutService.swift */ = {isa = PBXFileReference; lastKnownFileType = sourcecode.swift; path = SignOutService.swift; sourceTree = "<group>"; };
		83E76C812CB6D575000FEA67 /* SignUpRequestDTO.swift */ = {isa = PBXFileReference; lastKnownFileType = sourcecode.swift; path = SignUpRequestDTO.swift; sourceTree = "<group>"; };
		83E76C842CB6D5FF000FEA67 /* SignUpResponseDTO.swift */ = {isa = PBXFileReference; lastKnownFileType = sourcecode.swift; path = SignUpResponseDTO.swift; sourceTree = "<group>"; };
		83E76C862CB6D6D3000FEA67 /* SignUpAPI.swift */ = {isa = PBXFileReference; lastKnownFileType = sourcecode.swift; path = SignUpAPI.swift; sourceTree = "<group>"; };
		83E76C882CB6D84E000FEA67 /* SignUpService.swift */ = {isa = PBXFileReference; lastKnownFileType = sourcecode.swift; path = SignUpService.swift; sourceTree = "<group>"; };
		83E76C8D2CB6DACA000FEA67 /* SignUpViewModel.swift */ = {isa = PBXFileReference; lastKnownFileType = sourcecode.swift; path = SignUpViewModel.swift; sourceTree = "<group>"; };
		83EE1DA72CB0372B009E4488 /* ThumbnailListResponseDTO.swift */ = {isa = PBXFileReference; lastKnownFileType = sourcecode.swift; path = ThumbnailListResponseDTO.swift; sourceTree = "<group>"; };
		83EE1DA92CB038F0009E4488 /* ThumbnailAPI.swift */ = {isa = PBXFileReference; lastKnownFileType = sourcecode.swift; path = ThumbnailAPI.swift; sourceTree = "<group>"; };
		83EE1DAB2CB039EA009E4488 /* ThumbnailService.swift */ = {isa = PBXFileReference; lastKnownFileType = sourcecode.swift; path = ThumbnailService.swift; sourceTree = "<group>"; };
		83F02CB22CAC0920001E8329 /* GoogleLoginResponseDTO.swift */ = {isa = PBXFileReference; lastKnownFileType = sourcecode.swift; path = GoogleLoginResponseDTO.swift; sourceTree = "<group>"; };
		83F02CB42CAC0A8E001E8329 /* GoogleLoginAPI.swift */ = {isa = PBXFileReference; lastKnownFileType = sourcecode.swift; path = GoogleLoginAPI.swift; sourceTree = "<group>"; };
		83F02CB62CAC0ACE001E8329 /* BaseTargetType.swift */ = {isa = PBXFileReference; lastKnownFileType = sourcecode.swift; path = BaseTargetType.swift; sourceTree = "<group>"; };
		83F02CB92CAC0B24001E8329 /* GoogleLoginService.swift */ = {isa = PBXFileReference; lastKnownFileType = sourcecode.swift; path = GoogleLoginService.swift; sourceTree = "<group>"; };
		83F02CBC2CAC11F2001E8329 /* SignUpView.swift */ = {isa = PBXFileReference; lastKnownFileType = sourcecode.swift; path = SignUpView.swift; sourceTree = "<group>"; };
		83F02CBE2CAC3189001E8329 /* Placeholder.swift */ = {isa = PBXFileReference; lastKnownFileType = sourcecode.swift; path = Placeholder.swift; sourceTree = "<group>"; };
		83F80D482C79AD18001231A9 /* ColorPickerView.swift */ = {isa = PBXFileReference; lastKnownFileType = sourcecode.swift; path = ColorPickerView.swift; sourceTree = "<group>"; };
/* End PBXFileReference section */

/* Begin PBXFrameworksBuildPhase section */
		83BD79812C68BB570044C453 /* Frameworks */ = {
			isa = PBXFrameworksBuildPhase;
			buildActionMask = 2147483647;
			files = (
				833707DF2CA4373D0050D1C7 /* GoogleSignIn in Frameworks */,
				833707C82CA433A80050D1C7 /* Moya in Frameworks */,
				833707C62CA433A80050D1C7 /* CombineMoya in Frameworks */,
				833707E62CA4392B0050D1C7 /* GoogleSignInSwift in Frameworks */,
				833707E12CA4373D0050D1C7 /* GoogleSignInSwift in Frameworks */,
				833707CC2CA433A80050D1C7 /* RxMoya in Frameworks */,
				833707CA2CA433A80050D1C7 /* ReactiveMoya in Frameworks */,
				833707E42CA4392B0050D1C7 /* GoogleSignIn in Frameworks */,
			);
			runOnlyForDeploymentPostprocessing = 0;
		};
		83BD79912C68BB590044C453 /* Frameworks */ = {
			isa = PBXFrameworksBuildPhase;
			buildActionMask = 2147483647;
			files = (
			);
			runOnlyForDeploymentPostprocessing = 0;
		};
		83BD799B2C68BB590044C453 /* Frameworks */ = {
			isa = PBXFrameworksBuildPhase;
			buildActionMask = 2147483647;
			files = (
			);
			runOnlyForDeploymentPostprocessing = 0;
		};
/* End PBXFrameworksBuildPhase section */

/* Begin PBXGroup section */
		833707C22CA4319E0050D1C7 /* Presentation */ = {
			isa = PBXGroup;
			children = (
				83BD79892C68BB570044C453 /* ContentView.swift */,
				83B5CA882C690DCE00C69ED1 /* TabBarView.swift */,
				83DC7F802C69DF76002AB210 /* HomeCalendarView.swift */,
				83F02CBB2CAC11D0001E8329 /* Account */,
				83DEB9892C9B0B440049F7CD /* Event */,
				83A3E2682C7A203A00ADDB55 /* MyPage */,
			);
			path = Presentation;
			sourceTree = "<group>";
		};
		8349F5EE2CB0018C00746163 /* KeyChain */ = {
			isa = PBXGroup;
			children = (
				8349F5EF2CB0030700746163 /* saveToKeychain.swift */,
				8349F5F12CB0036E00746163 /* loadFromKeychain.swift */,
				8349F5F32CB003EA00746163 /* deleteFromKeychain.swift */,
			);
			path = KeyChain;
			sourceTree = "<group>";
		};
		8349F5F92CB011BD00746163 /* Token */ = {
			isa = PBXGroup;
			children = (
				8349F5FE2CB0145900746163 /* DTO */,
				8349F5F72CB010D500746163 /* TokenInterceptor.swift */,
				8349F5FA2CB011E600746163 /* TokenRefreshAPI.swift */,
				8349F5FC2CB0139200746163 /* TokenRefreshService.swift */,
			);
			path = Token;
			sourceTree = "<group>";
		};
		8349F5FE2CB0145900746163 /* DTO */ = {
			isa = PBXGroup;
			children = (
				8349F5FF2CB0145F00746163 /* Response */,
			);
			path = DTO;
			sourceTree = "<group>";
		};
		8349F5FF2CB0145F00746163 /* Response */ = {
			isa = PBXGroup;
			children = (
				8349F6002CB0147B00746163 /* TokenRefreshResponseDTO.swift */,
			);
			path = Response;
			sourceTree = "<group>";
		};
		835F7AD02C70CD23006AEE89 /* Utils */ = {
			isa = PBXGroup;
			children = (
				835F7AD12C70CD3F006AEE89 /* FetchImageByURL.swift */,
				833707E72CA43EED0050D1C7 /* FindTopUIViewController.swift */,
				83F02CBE2CAC3189001E8329 /* Placeholder.swift */,
			);
			path = Utils;
			sourceTree = "<group>";
		};
		8385C5A92C6E6AF900D1DD21 /* UIComponent */ = {
			isa = PBXGroup;
			children = (
				8385C5AA2C6E6B1500D1DD21 /* CategoryLabelView.swift */,
				8385C5AC2C6E6B5E00D1DD21 /* ImageCarouselView.swift */,
				83F80D482C79AD18001231A9 /* ColorPickerView.swift */,
				83DA00602C79C55500B8CD46 /* ImagePicker.swift */,
				83E76C6D2CB6AE88000FEA67 /* CustomAlertView.swift */,
			);
			path = UIComponent;
			sourceTree = "<group>";
		};
		8389AB2B2CB10DC100580F4D /* Response */ = {
			isa = PBXGroup;
			children = (
				8389AB2A2CB10DC100580F4D /* CategoryListResponseDTO.swift */,
			);
			path = Response;
			sourceTree = "<group>";
		};
		8389AB2C2CB10DC100580F4D /* DTO */ = {
			isa = PBXGroup;
			children = (
				8389AB382CB1284B00580F4D /* Request */,
				8389AB2B2CB10DC100580F4D /* Response */,
			);
			path = DTO;
			sourceTree = "<group>";
		};
		8389AB2F2CB10DC100580F4D /* Category */ = {
			isa = PBXGroup;
			children = (
				8389AB2C2CB10DC100580F4D /* DTO */,
				8389AB2D2CB10DC100580F4D /* CategoryAPI.swift */,
				8389AB2E2CB10DC100580F4D /* CategoryService.swift */,
			);
			path = Category;
			sourceTree = "<group>";
		};
		8389AB332CB10FC500580F4D /* Category */ = {
			isa = PBXGroup;
			children = (
				8389AB352CB10FE300580F4D /* ViewModel */,
				8389AB342CB10FD800580F4D /* View */,
			);
			path = Category;
			sourceTree = "<group>";
		};
		8389AB342CB10FD800580F4D /* View */ = {
			isa = PBXGroup;
			children = (
				83B1C6B22C74E76900740EA3 /* CategoryListView.swift */,
				833321BF2C7B6A7C00C94D9D /* CategoryAddAndEditView.swift */,
			);
			path = View;
			sourceTree = "<group>";
		};
		8389AB352CB10FE300580F4D /* ViewModel */ = {
			isa = PBXGroup;
			children = (
				8389AB362CB10FF600580F4D /* CategoryListViewModel.swift */,
			);
			path = ViewModel;
			sourceTree = "<group>";
		};
		8389AB382CB1284B00580F4D /* Request */ = {
			isa = PBXGroup;
			children = (
				8389AB392CB1286000580F4D /* CategoryRequestDTO.swift */,
			);
			path = Request;
			sourceTree = "<group>";
		};
		83A3E2682C7A203A00ADDB55 /* MyPage */ = {
			isa = PBXGroup;
			children = (
				8383B48B2C74C74700C9127F /* MyPageView.swift */,
				83DA005E2C79BE7400B8CD46 /* ProfileEditView.swift */,
				83A3E2662C7A193B00ADDB55 /* DevelopersView.swift */,
				83C861BB2C74E1DC004FDF7A /* PrivacyPolicyView.swift */,
				8389AB332CB10FC500580F4D /* Category */,
			);
			path = MyPage;
			sourceTree = "<group>";
		};
		83B5CA8C2C6910F800C69ED1 /* Resource */ = {
			isa = PBXGroup;
			children = (
				83B5CA8D2C69118000C69ED1 /* Font */,
				8369B3742C6905F6005ACDBD /* ColorExtension.swift */,
				83B5CA8A2C6910D900C69ED1 /* FontExtension.swift */,
				83BD798B2C68BB580044C453 /* Assets.xcassets */,
			);
			path = Resource;
			sourceTree = "<group>";
		};
		83B5CA8D2C69118000C69ED1 /* Font */ = {
			isa = PBXGroup;
			children = (
				83B5CA8E2C6911AE00C69ED1 /* Pretendard-Black.ttf */,
				83B5CA902C6911AF00C69ED1 /* Pretendard-Bold.ttf */,
				83B5CA8F2C6911AF00C69ED1 /* Pretendard-ExtraBold.ttf */,
				83B5CA952C6911AF00C69ED1 /* Pretendard-ExtraLight.ttf */,
				83B5CA932C6911AF00C69ED1 /* Pretendard-Light.ttf */,
				83B5CA922C6911AF00C69ED1 /* Pretendard-Medium.ttf */,
				83B5CA912C6911AF00C69ED1 /* Pretendard-Regular.ttf */,
				83B5CA942C6911AF00C69ED1 /* Pretendard-SemiBold.ttf */,
				83B5CA962C6911AF00C69ED1 /* Pretendard-Thin.ttf */,
			);
			path = Font;
			sourceTree = "<group>";
		};
		83BD797B2C68BB570044C453 = {
			isa = PBXGroup;
			children = (
				83BD79862C68BB570044C453 /* Cookiee */,
				83BD79972C68BB590044C453 /* CookieeTests */,
				83BD79A12C68BB590044C453 /* CookieeUITests */,
				83BD79852C68BB570044C453 /* Products */,
			);
			sourceTree = "<group>";
		};
		83BD79852C68BB570044C453 /* Products */ = {
			isa = PBXGroup;
			children = (
				83BD79842C68BB570044C453 /* Cookiee.app */,
				83BD79942C68BB590044C453 /* CookieeTests.xctest */,
				83BD799E2C68BB590044C453 /* CookieeUITests.xctest */,
			);
			name = Products;
			sourceTree = "<group>";
		};
		83BD79862C68BB570044C453 /* Cookiee */ = {
			isa = PBXGroup;
			children = (
				83B5CAA02C6911EB00C69ED1 /* Info.plist */,
				83BD79B12C68BBA10044C453 /* Cookiee.entitlements */,
				83BD79872C68BB570044C453 /* CookieeApp.swift */,
				8349F5EE2CB0018C00746163 /* KeyChain */,
				83F02CAB2CAC0794001E8329 /* Network */,
				833707C22CA4319E0050D1C7 /* Presentation */,
				835F7AD02C70CD23006AEE89 /* Utils */,
				8385C5A92C6E6AF900D1DD21 /* UIComponent */,
				83E540152C6CE6A300509671 /* SampleData */,
				83B5CA8C2C6910F800C69ED1 /* Resource */,
				83BD798D2C68BB580044C453 /* Preview Content */,
			);
			path = Cookiee;
			sourceTree = "<group>";
		};
		83BD798D2C68BB580044C453 /* Preview Content */ = {
			isa = PBXGroup;
			children = (
				83BD798E2C68BB580044C453 /* Preview Assets.xcassets */,
			);
			path = "Preview Content";
			sourceTree = "<group>";
		};
		83BD79972C68BB590044C453 /* CookieeTests */ = {
			isa = PBXGroup;
			children = (
				83BD79982C68BB590044C453 /* CookieeTests.swift */,
			);
			path = CookieeTests;
			sourceTree = "<group>";
		};
		83BD79A12C68BB590044C453 /* CookieeUITests */ = {
			isa = PBXGroup;
			children = (
				83BD79A22C68BB590044C453 /* CookieeUITests.swift */,
				83BD79A42C68BB590044C453 /* CookieeUITestsLaunchTests.swift */,
			);
			path = CookieeUITests;
			sourceTree = "<group>";
		};
		83DEB9892C9B0B440049F7CD /* Event */ = {
			isa = PBXGroup;
			children = (
				83DC7F822C6A2A1D002AB210 /* DateView.swift */,
				83DEB9872C9B05BC0049F7CD /* EventAddView.swift */,
				8385C5A52C6E229800D1DD21 /* EventDetailView.swift */,
			);
			path = Event;
			sourceTree = "<group>";
		};
		83E540152C6CE6A300509671 /* SampleData */ = {
			isa = PBXGroup;
			children = (
				8385C5A32C6E1EE600D1DD21 /* EventDetailSample.swift */,
				83E540162C6CE6B900509671 /* EventListSample.swift */,
			);
			path = SampleData;
			sourceTree = "<group>";
		};
		83E76C732CB6CDF6000FEA67 /* Account */ = {
			isa = PBXGroup;
			children = (
				83E76C7E2CB6D4AF000FEA67 /* SignUp */,
				83E76C742CB6CDFF000FEA67 /* SignOut */,
			);
			path = Account;
			sourceTree = "<group>";
		};
		83E76C742CB6CDFF000FEA67 /* SignOut */ = {
			isa = PBXGroup;
			children = (
				83E76C752CB6CE1A000FEA67 /* DTO */,
				83E76C7A2CB6D10E000FEA67 /* SignOutAPI.swift */,
				83E76C7C2CB6D1C2000FEA67 /* SignOutService.swift */,
			);
			path = SignOut;
			sourceTree = "<group>";
		};
		83E76C752CB6CE1A000FEA67 /* DTO */ = {
			isa = PBXGroup;
			children = (
				83E76C782CB6D0A9000FEA67 /* SignOutResponseDTO.swift */,
			);
			path = DTO;
			sourceTree = "<group>";
		};
		83E76C7E2CB6D4AF000FEA67 /* SignUp */ = {
			isa = PBXGroup;
			children = (
				83E76C7F2CB6D4C9000FEA67 /* DTO */,
				83E76C862CB6D6D3000FEA67 /* SignUpAPI.swift */,
				83E76C882CB6D84E000FEA67 /* SignUpService.swift */,
			);
			path = SignUp;
			sourceTree = "<group>";
		};
		83E76C7F2CB6D4C9000FEA67 /* DTO */ = {
			isa = PBXGroup;
			children = (
				83E76C832CB6D5B9000FEA67 /* Response */,
				83E76C802CB6D565000FEA67 /* Request */,
			);
			path = DTO;
			sourceTree = "<group>";
		};
		83E76C802CB6D565000FEA67 /* Request */ = {
			isa = PBXGroup;
			children = (
				83E76C812CB6D575000FEA67 /* SignUpRequestDTO.swift */,
			);
			path = Request;
			sourceTree = "<group>";
		};
		83E76C832CB6D5B9000FEA67 /* Response */ = {
			isa = PBXGroup;
			children = (
				83E76C842CB6D5FF000FEA67 /* SignUpResponseDTO.swift */,
			);
			path = Response;
			sourceTree = "<group>";
		};
		83E76C8A2CB6DA95000FEA67 /* SocialLogin */ = {
			isa = PBXGroup;
			children = (
				83E76C8B2CB6DAA0000FEA67 /* View */,
			);
			path = SocialLogin;
			sourceTree = "<group>";
		};
		83E76C8B2CB6DAA0000FEA67 /* View */ = {
			isa = PBXGroup;
			children = (
				83BD79B82C68BE4C0044C453 /* SocialLoginView.swift */,
			);
			path = View;
			sourceTree = "<group>";
		};
		83E76C8C2CB6DAA9000FEA67 /* ViewModel */ = {
			isa = PBXGroup;
			children = (
				83E76C8D2CB6DACA000FEA67 /* SignUpViewModel.swift */,
			);
			path = ViewModel;
			sourceTree = "<group>";
		};
		83E76C8F2CB6E956000FEA67 /* SignUp */ = {
			isa = PBXGroup;
			children = (
				83E76C8C2CB6DAA9000FEA67 /* ViewModel */,
				83E76C902CB6E963000FEA67 /* View */,
			);
			path = SignUp;
			sourceTree = "<group>";
		};
		83E76C902CB6E963000FEA67 /* View */ = {
			isa = PBXGroup;
			children = (
				83F02CBC2CAC11F2001E8329 /* SignUpView.swift */,
			);
			path = View;
			sourceTree = "<group>";
		};
		83EE1DA42CB03640009E4488 /* Thumbnail */ = {
			isa = PBXGroup;
			children = (
				83EE1DA52CB0364D009E4488 /* DTO */,
				83EE1DA92CB038F0009E4488 /* ThumbnailAPI.swift */,
				83EE1DAB2CB039EA009E4488 /* ThumbnailService.swift */,
			);
			path = Thumbnail;
			sourceTree = "<group>";
		};
		83EE1DA52CB0364D009E4488 /* DTO */ = {
			isa = PBXGroup;
			children = (
				83EE1DA62CB0365D009E4488 /* Response */,
			);
			path = DTO;
			sourceTree = "<group>";
		};
		83EE1DA62CB0365D009E4488 /* Response */ = {
			isa = PBXGroup;
			children = (
				83EE1DA72CB0372B009E4488 /* ThumbnailListResponseDTO.swift */,
			);
			path = Response;
			sourceTree = "<group>";
		};
		83F02CAB2CAC0794001E8329 /* Network */ = {
			isa = PBXGroup;
			children = (
				83E76C732CB6CDF6000FEA67 /* Account */,
				8389AB2F2CB10DC100580F4D /* Category */,
				83EE1DA42CB03640009E4488 /* Thumbnail */,
				83F02CB72CAC0ACE001E8329 /* Base */,
				83F02CAC2CAC07B6001E8329 /* Auth */,
			);
			path = Network;
			sourceTree = "<group>";
		};
		83F02CAC2CAC07B6001E8329 /* Auth */ = {
			isa = PBXGroup;
			children = (
				8349F5F92CB011BD00746163 /* Token */,
				83F02CAD2CAC08BE001E8329 /* Google */,
			);
			path = Auth;
			sourceTree = "<group>";
		};
		83F02CAD2CAC08BE001E8329 /* Google */ = {
			isa = PBXGroup;
			children = (
				83F02CB42CAC0A8E001E8329 /* GoogleLoginAPI.swift */,
				83F02CB92CAC0B24001E8329 /* GoogleLoginService.swift */,
				83F02CAE2CAC08C8001E8329 /* DTO */,
			);
			path = Google;
			sourceTree = "<group>";
		};
		83F02CAE2CAC08C8001E8329 /* DTO */ = {
			isa = PBXGroup;
			children = (
				83F02CAF2CAC08F0001E8329 /* Response */,
			);
			path = DTO;
			sourceTree = "<group>";
		};
		83F02CAF2CAC08F0001E8329 /* Response */ = {
			isa = PBXGroup;
			children = (
				83F02CB22CAC0920001E8329 /* GoogleLoginResponseDTO.swift */,
			);
			path = Response;
			sourceTree = "<group>";
		};
		83F02CB72CAC0ACE001E8329 /* Base */ = {
			isa = PBXGroup;
			children = (
				83F02CB62CAC0ACE001E8329 /* BaseTargetType.swift */,
			);
			path = Base;
			sourceTree = "<group>";
		};
		83F02CBB2CAC11D0001E8329 /* Account */ = {
			isa = PBXGroup;
			children = (
				83E76C8F2CB6E956000FEA67 /* SignUp */,
				83E76C8A2CB6DA95000FEA67 /* SocialLogin */,
			);
			path = Account;
			sourceTree = "<group>";
		};
/* End PBXGroup section */

/* Begin PBXNativeTarget section */
		83BD79832C68BB570044C453 /* Cookiee */ = {
			isa = PBXNativeTarget;
			buildConfigurationList = 83BD79A82C68BB590044C453 /* Build configuration list for PBXNativeTarget "Cookiee" */;
			buildPhases = (
				83BD79802C68BB570044C453 /* Sources */,
				83BD79812C68BB570044C453 /* Frameworks */,
				83BD79822C68BB570044C453 /* Resources */,
			);
			buildRules = (
			);
			dependencies = (
			);
			name = Cookiee;
			productName = Cookiee;
			productReference = 83BD79842C68BB570044C453 /* Cookiee.app */;
			productType = "com.apple.product-type.application";
		};
		83BD79932C68BB590044C453 /* CookieeTests */ = {
			isa = PBXNativeTarget;
			buildConfigurationList = 83BD79AB2C68BB590044C453 /* Build configuration list for PBXNativeTarget "CookieeTests" */;
			buildPhases = (
				83BD79902C68BB590044C453 /* Sources */,
				83BD79912C68BB590044C453 /* Frameworks */,
				83BD79922C68BB590044C453 /* Resources */,
			);
			buildRules = (
			);
			dependencies = (
				83BD79962C68BB590044C453 /* PBXTargetDependency */,
			);
			name = CookieeTests;
			productName = CookieeTests;
			productReference = 83BD79942C68BB590044C453 /* CookieeTests.xctest */;
			productType = "com.apple.product-type.bundle.unit-test";
		};
		83BD799D2C68BB590044C453 /* CookieeUITests */ = {
			isa = PBXNativeTarget;
			buildConfigurationList = 83BD79AE2C68BB590044C453 /* Build configuration list for PBXNativeTarget "CookieeUITests" */;
			buildPhases = (
				83BD799A2C68BB590044C453 /* Sources */,
				83BD799B2C68BB590044C453 /* Frameworks */,
				83BD799C2C68BB590044C453 /* Resources */,
			);
			buildRules = (
			);
			dependencies = (
				83BD79A02C68BB590044C453 /* PBXTargetDependency */,
			);
			name = CookieeUITests;
			productName = CookieeUITests;
			productReference = 83BD799E2C68BB590044C453 /* CookieeUITests.xctest */;
			productType = "com.apple.product-type.bundle.ui-testing";
		};
/* End PBXNativeTarget section */

/* Begin PBXProject section */
		83BD797C2C68BB570044C453 /* Project object */ = {
			isa = PBXProject;
			attributes = {
				BuildIndependentTargetsInParallel = 1;
				LastSwiftUpdateCheck = 1540;
				LastUpgradeCheck = 1540;
				TargetAttributes = {
					83BD79832C68BB570044C453 = {
						CreatedOnToolsVersion = 15.4;
					};
					83BD79932C68BB590044C453 = {
						CreatedOnToolsVersion = 15.4;
						TestTargetID = 83BD79832C68BB570044C453;
					};
					83BD799D2C68BB590044C453 = {
						CreatedOnToolsVersion = 15.4;
						TestTargetID = 83BD79832C68BB570044C453;
					};
				};
			};
			buildConfigurationList = 83BD797F2C68BB570044C453 /* Build configuration list for PBXProject "Cookiee" */;
			compatibilityVersion = "Xcode 14.0";
			developmentRegion = en;
			hasScannedForEncodings = 0;
			knownRegions = (
				en,
				Base,
			);
			mainGroup = 83BD797B2C68BB570044C453;
			packageReferences = (
				833707C42CA433A80050D1C7 /* XCRemoteSwiftPackageReference "Moya" */,
				833707E22CA4392B0050D1C7 /* XCRemoteSwiftPackageReference "GoogleSignIn-iOS" */,
			);
			productRefGroup = 83BD79852C68BB570044C453 /* Products */;
			projectDirPath = "";
			projectRoot = "";
			targets = (
				83BD79832C68BB570044C453 /* Cookiee */,
				83BD79932C68BB590044C453 /* CookieeTests */,
				83BD799D2C68BB590044C453 /* CookieeUITests */,
			);
		};
/* End PBXProject section */

/* Begin PBXResourcesBuildPhase section */
		83BD79822C68BB570044C453 /* Resources */ = {
			isa = PBXResourcesBuildPhase;
			buildActionMask = 2147483647;
			files = (
				83B5CA9D2C6911AF00C69ED1 /* Pretendard-SemiBold.ttf in Resources */,
				83BD798F2C68BB580044C453 /* Preview Assets.xcassets in Resources */,
				83B5CA992C6911AF00C69ED1 /* Pretendard-Bold.ttf in Resources */,
				83B5CA9A2C6911AF00C69ED1 /* Pretendard-Regular.ttf in Resources */,
				83BD798C2C68BB580044C453 /* Assets.xcassets in Resources */,
				83B5CA972C6911AF00C69ED1 /* Pretendard-Black.ttf in Resources */,
				83B5CA9B2C6911AF00C69ED1 /* Pretendard-Medium.ttf in Resources */,
				83B5CA9E2C6911AF00C69ED1 /* Pretendard-ExtraLight.ttf in Resources */,
				83B5CA9F2C6911AF00C69ED1 /* Pretendard-Thin.ttf in Resources */,
				83B5CA9C2C6911AF00C69ED1 /* Pretendard-Light.ttf in Resources */,
				83B5CA982C6911AF00C69ED1 /* Pretendard-ExtraBold.ttf in Resources */,
			);
			runOnlyForDeploymentPostprocessing = 0;
		};
		83BD79922C68BB590044C453 /* Resources */ = {
			isa = PBXResourcesBuildPhase;
			buildActionMask = 2147483647;
			files = (
			);
			runOnlyForDeploymentPostprocessing = 0;
		};
		83BD799C2C68BB590044C453 /* Resources */ = {
			isa = PBXResourcesBuildPhase;
			buildActionMask = 2147483647;
			files = (
			);
			runOnlyForDeploymentPostprocessing = 0;
		};
/* End PBXResourcesBuildPhase section */

/* Begin PBXSourcesBuildPhase section */
		83BD79802C68BB570044C453 /* Sources */ = {
			isa = PBXSourcesBuildPhase;
			buildActionMask = 2147483647;
			files = (
				83DC7F812C69DF76002AB210 /* HomeCalendarView.swift in Sources */,
				83B5CA8B2C6910D900C69ED1 /* FontExtension.swift in Sources */,
				83DA005F2C79BE7400B8CD46 /* ProfileEditView.swift in Sources */,
				83EE1DA82CB0372B009E4488 /* ThumbnailListResponseDTO.swift in Sources */,
				83F02CB82CAC0ACE001E8329 /* BaseTargetType.swift in Sources */,
				83DA00612C79C55500B8CD46 /* ImagePicker.swift in Sources */,
				8383B48C2C74C74700C9127F /* MyPageView.swift in Sources */,
				83F02CB52CAC0A8E001E8329 /* GoogleLoginAPI.swift in Sources */,
				83A3E2672C7A193B00ADDB55 /* DevelopersView.swift in Sources */,
				833321C02C7B6A7C00C94D9D /* CategoryAddAndEditView.swift in Sources */,
				83DC7F832C6A2A1D002AB210 /* DateView.swift in Sources */,
				8385C5A42C6E1EE600D1DD21 /* EventDetailSample.swift in Sources */,
				8349F5FD2CB0139200746163 /* TokenRefreshService.swift in Sources */,
				83BD79B92C68BE4C0044C453 /* SocialLoginView.swift in Sources */,
				8349F5F82CB010D500746163 /* TokenInterceptor.swift in Sources */,
				8349F6012CB0147B00746163 /* TokenRefreshResponseDTO.swift in Sources */,
				83E76C892CB6D84E000FEA67 /* SignUpService.swift in Sources */,
				8389AB3A2CB1286000580F4D /* CategoryRequestDTO.swift in Sources */,
				83E76C7D2CB6D1C2000FEA67 /* SignOutService.swift in Sources */,
				83BD798A2C68BB570044C453 /* ContentView.swift in Sources */,
				8349F5F02CB0030700746163 /* saveToKeychain.swift in Sources */,
				83DEB9882C9B05BC0049F7CD /* EventAddView.swift in Sources */,
				83EE1DAA2CB038F0009E4488 /* ThumbnailAPI.swift in Sources */,
				8349F5F22CB0036E00746163 /* loadFromKeychain.swift in Sources */,
				8389AB302CB10DC100580F4D /* CategoryService.swift in Sources */,
				8389AB312CB10DC100580F4D /* CategoryListResponseDTO.swift in Sources */,
				8389AB322CB10DC100580F4D /* CategoryAPI.swift in Sources */,
				83E76C872CB6D6D3000FEA67 /* SignUpAPI.swift in Sources */,
				8385C5AB2C6E6B1500D1DD21 /* CategoryLabelView.swift in Sources */,
				835F7AD22C70CD3F006AEE89 /* FetchImageByURL.swift in Sources */,
				83EE1DAC2CB039EA009E4488 /* ThumbnailService.swift in Sources */,
				83E76C852CB6D5FF000FEA67 /* SignUpResponseDTO.swift in Sources */,
				83F02CBD2CAC11F2001E8329 /* SignUpView.swift in Sources */,
				8389AB372CB10FF600580F4D /* CategoryListViewModel.swift in Sources */,
				83E76C7B2CB6D10E000FEA67 /* SignOutAPI.swift in Sources */,
				83F02CBA2CAC0B24001E8329 /* GoogleLoginService.swift in Sources */,
				83E76C792CB6D0A9000FEA67 /* SignOutResponseDTO.swift in Sources */,
				8349F5F42CB003EA00746163 /* deleteFromKeychain.swift in Sources */,
				83F80D492C79AD18001231A9 /* ColorPickerView.swift in Sources */,
				83BD79882C68BB570044C453 /* CookieeApp.swift in Sources */,
				83F02CBF2CAC3189001E8329 /* Placeholder.swift in Sources */,
				83E76C822CB6D575000FEA67 /* SignUpRequestDTO.swift in Sources */,
				8349F5FB2CB011E600746163 /* TokenRefreshAPI.swift in Sources */,
				83F02CB32CAC0920001E8329 /* GoogleLoginResponseDTO.swift in Sources */,
				83B5CA892C690DCE00C69ED1 /* TabBarView.swift in Sources */,
				83C861BC2C74E1DC004FDF7A /* PrivacyPolicyView.swift in Sources */,
				83E540172C6CE6B900509671 /* EventListSample.swift in Sources */,
				8385C5A62C6E229800D1DD21 /* EventDetailView.swift in Sources */,
				83E76C6E2CB6AE88000FEA67 /* CustomAlertView.swift in Sources */,
				83E76C8E2CB6DACA000FEA67 /* SignUpViewModel.swift in Sources */,
				83B1C6B32C74E76900740EA3 /* CategoryListView.swift in Sources */,
				8385C5AD2C6E6B5E00D1DD21 /* ImageCarouselView.swift in Sources */,
				8369B3752C6905F6005ACDBD /* ColorExtension.swift in Sources */,
				833707E82CA43EED0050D1C7 /* FindTopUIViewController.swift in Sources */,
			);
			runOnlyForDeploymentPostprocessing = 0;
		};
		83BD79902C68BB590044C453 /* Sources */ = {
			isa = PBXSourcesBuildPhase;
			buildActionMask = 2147483647;
			files = (
				83BD79992C68BB590044C453 /* CookieeTests.swift in Sources */,
			);
			runOnlyForDeploymentPostprocessing = 0;
		};
		83BD799A2C68BB590044C453 /* Sources */ = {
			isa = PBXSourcesBuildPhase;
			buildActionMask = 2147483647;
			files = (
				83BD79A52C68BB590044C453 /* CookieeUITestsLaunchTests.swift in Sources */,
				83BD79A32C68BB590044C453 /* CookieeUITests.swift in Sources */,
			);
			runOnlyForDeploymentPostprocessing = 0;
		};
/* End PBXSourcesBuildPhase section */

/* Begin PBXTargetDependency section */
		83BD79962C68BB590044C453 /* PBXTargetDependency */ = {
			isa = PBXTargetDependency;
			target = 83BD79832C68BB570044C453 /* Cookiee */;
			targetProxy = 83BD79952C68BB590044C453 /* PBXContainerItemProxy */;
		};
		83BD79A02C68BB590044C453 /* PBXTargetDependency */ = {
			isa = PBXTargetDependency;
			target = 83BD79832C68BB570044C453 /* Cookiee */;
			targetProxy = 83BD799F2C68BB590044C453 /* PBXContainerItemProxy */;
		};
/* End PBXTargetDependency section */

/* Begin XCBuildConfiguration section */
		83BD79A62C68BB590044C453 /* Debug */ = {
			isa = XCBuildConfiguration;
			buildSettings = {
				ALWAYS_SEARCH_USER_PATHS = NO;
				ASSETCATALOG_COMPILER_GENERATE_SWIFT_ASSET_SYMBOL_EXTENSIONS = YES;
				CLANG_ANALYZER_NONNULL = YES;
				CLANG_ANALYZER_NUMBER_OBJECT_CONVERSION = YES_AGGRESSIVE;
				CLANG_CXX_LANGUAGE_STANDARD = "gnu++20";
				CLANG_ENABLE_MODULES = YES;
				CLANG_ENABLE_OBJC_ARC = YES;
				CLANG_ENABLE_OBJC_WEAK = YES;
				CLANG_WARN_BLOCK_CAPTURE_AUTORELEASING = YES;
				CLANG_WARN_BOOL_CONVERSION = YES;
				CLANG_WARN_COMMA = YES;
				CLANG_WARN_CONSTANT_CONVERSION = YES;
				CLANG_WARN_DEPRECATED_OBJC_IMPLEMENTATIONS = YES;
				CLANG_WARN_DIRECT_OBJC_ISA_USAGE = YES_ERROR;
				CLANG_WARN_DOCUMENTATION_COMMENTS = YES;
				CLANG_WARN_EMPTY_BODY = YES;
				CLANG_WARN_ENUM_CONVERSION = YES;
				CLANG_WARN_INFINITE_RECURSION = YES;
				CLANG_WARN_INT_CONVERSION = YES;
				CLANG_WARN_NON_LITERAL_NULL_CONVERSION = YES;
				CLANG_WARN_OBJC_IMPLICIT_RETAIN_SELF = YES;
				CLANG_WARN_OBJC_LITERAL_CONVERSION = YES;
				CLANG_WARN_OBJC_ROOT_CLASS = YES_ERROR;
				CLANG_WARN_QUOTED_INCLUDE_IN_FRAMEWORK_HEADER = YES;
				CLANG_WARN_RANGE_LOOP_ANALYSIS = YES;
				CLANG_WARN_STRICT_PROTOTYPES = YES;
				CLANG_WARN_SUSPICIOUS_MOVE = YES;
				CLANG_WARN_UNGUARDED_AVAILABILITY = YES_AGGRESSIVE;
				CLANG_WARN_UNREACHABLE_CODE = YES;
				CLANG_WARN__DUPLICATE_METHOD_MATCH = YES;
				COPY_PHASE_STRIP = NO;
				DEBUG_INFORMATION_FORMAT = dwarf;
				ENABLE_STRICT_OBJC_MSGSEND = YES;
				ENABLE_TESTABILITY = YES;
				ENABLE_USER_SCRIPT_SANDBOXING = YES;
				GCC_C_LANGUAGE_STANDARD = gnu17;
				GCC_DYNAMIC_NO_PIC = NO;
				GCC_NO_COMMON_BLOCKS = YES;
				GCC_OPTIMIZATION_LEVEL = 0;
				GCC_PREPROCESSOR_DEFINITIONS = (
					"DEBUG=1",
					"$(inherited)",
				);
				GCC_WARN_64_TO_32_BIT_CONVERSION = YES;
				GCC_WARN_ABOUT_RETURN_TYPE = YES_ERROR;
				GCC_WARN_UNDECLARED_SELECTOR = YES;
				GCC_WARN_UNINITIALIZED_AUTOS = YES_AGGRESSIVE;
				GCC_WARN_UNUSED_FUNCTION = YES;
				GCC_WARN_UNUSED_VARIABLE = YES;
				IPHONEOS_DEPLOYMENT_TARGET = 17.5;
				LOCALIZATION_PREFERS_STRING_CATALOGS = YES;
				MTL_ENABLE_DEBUG_INFO = INCLUDE_SOURCE;
				MTL_FAST_MATH = YES;
				ONLY_ACTIVE_ARCH = YES;
				SDKROOT = iphoneos;
				SWIFT_ACTIVE_COMPILATION_CONDITIONS = "DEBUG $(inherited)";
				SWIFT_OPTIMIZATION_LEVEL = "-Onone";
			};
			name = Debug;
		};
		83BD79A72C68BB590044C453 /* Release */ = {
			isa = XCBuildConfiguration;
			buildSettings = {
				ALWAYS_SEARCH_USER_PATHS = NO;
				ASSETCATALOG_COMPILER_GENERATE_SWIFT_ASSET_SYMBOL_EXTENSIONS = YES;
				CLANG_ANALYZER_NONNULL = YES;
				CLANG_ANALYZER_NUMBER_OBJECT_CONVERSION = YES_AGGRESSIVE;
				CLANG_CXX_LANGUAGE_STANDARD = "gnu++20";
				CLANG_ENABLE_MODULES = YES;
				CLANG_ENABLE_OBJC_ARC = YES;
				CLANG_ENABLE_OBJC_WEAK = YES;
				CLANG_WARN_BLOCK_CAPTURE_AUTORELEASING = YES;
				CLANG_WARN_BOOL_CONVERSION = YES;
				CLANG_WARN_COMMA = YES;
				CLANG_WARN_CONSTANT_CONVERSION = YES;
				CLANG_WARN_DEPRECATED_OBJC_IMPLEMENTATIONS = YES;
				CLANG_WARN_DIRECT_OBJC_ISA_USAGE = YES_ERROR;
				CLANG_WARN_DOCUMENTATION_COMMENTS = YES;
				CLANG_WARN_EMPTY_BODY = YES;
				CLANG_WARN_ENUM_CONVERSION = YES;
				CLANG_WARN_INFINITE_RECURSION = YES;
				CLANG_WARN_INT_CONVERSION = YES;
				CLANG_WARN_NON_LITERAL_NULL_CONVERSION = YES;
				CLANG_WARN_OBJC_IMPLICIT_RETAIN_SELF = YES;
				CLANG_WARN_OBJC_LITERAL_CONVERSION = YES;
				CLANG_WARN_OBJC_ROOT_CLASS = YES_ERROR;
				CLANG_WARN_QUOTED_INCLUDE_IN_FRAMEWORK_HEADER = YES;
				CLANG_WARN_RANGE_LOOP_ANALYSIS = YES;
				CLANG_WARN_STRICT_PROTOTYPES = YES;
				CLANG_WARN_SUSPICIOUS_MOVE = YES;
				CLANG_WARN_UNGUARDED_AVAILABILITY = YES_AGGRESSIVE;
				CLANG_WARN_UNREACHABLE_CODE = YES;
				CLANG_WARN__DUPLICATE_METHOD_MATCH = YES;
				COPY_PHASE_STRIP = NO;
				DEBUG_INFORMATION_FORMAT = "dwarf-with-dsym";
				ENABLE_NS_ASSERTIONS = NO;
				ENABLE_STRICT_OBJC_MSGSEND = YES;
				ENABLE_USER_SCRIPT_SANDBOXING = YES;
				GCC_C_LANGUAGE_STANDARD = gnu17;
				GCC_NO_COMMON_BLOCKS = YES;
				GCC_WARN_64_TO_32_BIT_CONVERSION = YES;
				GCC_WARN_ABOUT_RETURN_TYPE = YES_ERROR;
				GCC_WARN_UNDECLARED_SELECTOR = YES;
				GCC_WARN_UNINITIALIZED_AUTOS = YES_AGGRESSIVE;
				GCC_WARN_UNUSED_FUNCTION = YES;
				GCC_WARN_UNUSED_VARIABLE = YES;
				IPHONEOS_DEPLOYMENT_TARGET = 17.5;
				LOCALIZATION_PREFERS_STRING_CATALOGS = YES;
				MTL_ENABLE_DEBUG_INFO = NO;
				MTL_FAST_MATH = YES;
				SDKROOT = iphoneos;
				SWIFT_COMPILATION_MODE = wholemodule;
				VALIDATE_PRODUCT = YES;
			};
			name = Release;
		};
		83BD79A92C68BB590044C453 /* Debug */ = {
			isa = XCBuildConfiguration;
			buildSettings = {
				ASSETCATALOG_COMPILER_APPICON_NAME = AppIcon;
				ASSETCATALOG_COMPILER_GLOBAL_ACCENT_COLOR_NAME = AccentColor;
				CODE_SIGN_ENTITLEMENTS = Cookiee/Cookiee.entitlements;
				CODE_SIGN_STYLE = Automatic;
				CURRENT_PROJECT_VERSION = 1;
				DEVELOPMENT_ASSET_PATHS = "\"Cookiee/Preview Content\"";
				DEVELOPMENT_TEAM = ATV75VJ92J;
				ENABLE_PREVIEWS = YES;
				GENERATE_INFOPLIST_FILE = YES;
				INFOPLIST_FILE = Cookiee/Info.plist;
				INFOPLIST_KEY_UIApplicationSceneManifest_Generation = YES;
				INFOPLIST_KEY_UIApplicationSupportsIndirectInputEvents = YES;
				INFOPLIST_KEY_UILaunchScreen_Generation = YES;
				INFOPLIST_KEY_UISupportedInterfaceOrientations_iPad = "UIInterfaceOrientationPortrait UIInterfaceOrientationPortraitUpsideDown UIInterfaceOrientationLandscapeLeft UIInterfaceOrientationLandscapeRight";
				INFOPLIST_KEY_UISupportedInterfaceOrientations_iPhone = "UIInterfaceOrientationPortrait UIInterfaceOrientationLandscapeLeft UIInterfaceOrientationLandscapeRight";
				LD_RUNPATH_SEARCH_PATHS = (
					"$(inherited)",
					"@executable_path/Frameworks",
				);
				MARKETING_VERSION = 1.0;
				PRODUCT_BUNDLE_IDENTIFIER = site.cookiee.cookiee;
				PRODUCT_NAME = "$(TARGET_NAME)";
				SWIFT_EMIT_LOC_STRINGS = YES;
				SWIFT_VERSION = 5.0;
				TARGETED_DEVICE_FAMILY = 1;
			};
			name = Debug;
		};
		83BD79AA2C68BB590044C453 /* Release */ = {
			isa = XCBuildConfiguration;
			buildSettings = {
				ASSETCATALOG_COMPILER_APPICON_NAME = AppIcon;
				ASSETCATALOG_COMPILER_GLOBAL_ACCENT_COLOR_NAME = AccentColor;
				CODE_SIGN_ENTITLEMENTS = Cookiee/Cookiee.entitlements;
				CODE_SIGN_STYLE = Automatic;
				CURRENT_PROJECT_VERSION = 1;
				DEVELOPMENT_ASSET_PATHS = "\"Cookiee/Preview Content\"";
				DEVELOPMENT_TEAM = ATV75VJ92J;
				ENABLE_PREVIEWS = YES;
				GENERATE_INFOPLIST_FILE = YES;
				INFOPLIST_FILE = Cookiee/Info.plist;
				INFOPLIST_KEY_UIApplicationSceneManifest_Generation = YES;
				INFOPLIST_KEY_UIApplicationSupportsIndirectInputEvents = YES;
				INFOPLIST_KEY_UILaunchScreen_Generation = YES;
				INFOPLIST_KEY_UISupportedInterfaceOrientations_iPad = "UIInterfaceOrientationPortrait UIInterfaceOrientationPortraitUpsideDown UIInterfaceOrientationLandscapeLeft UIInterfaceOrientationLandscapeRight";
				INFOPLIST_KEY_UISupportedInterfaceOrientations_iPhone = "UIInterfaceOrientationPortrait UIInterfaceOrientationLandscapeLeft UIInterfaceOrientationLandscapeRight";
				LD_RUNPATH_SEARCH_PATHS = (
					"$(inherited)",
					"@executable_path/Frameworks",
				);
				MARKETING_VERSION = 1.0;
				PRODUCT_BUNDLE_IDENTIFIER = site.cookiee.cookiee;
				PRODUCT_NAME = "$(TARGET_NAME)";
				SWIFT_EMIT_LOC_STRINGS = YES;
				SWIFT_VERSION = 5.0;
				TARGETED_DEVICE_FAMILY = 1;
			};
			name = Release;
		};
		83BD79AC2C68BB590044C453 /* Debug */ = {
			isa = XCBuildConfiguration;
			buildSettings = {
				ALWAYS_EMBED_SWIFT_STANDARD_LIBRARIES = YES;
				BUNDLE_LOADER = "$(TEST_HOST)";
				CODE_SIGN_STYLE = Automatic;
				CURRENT_PROJECT_VERSION = 1;
				DEVELOPMENT_TEAM = ATV75VJ92J;
				GENERATE_INFOPLIST_FILE = YES;
				IPHONEOS_DEPLOYMENT_TARGET = 17.5;
				MARKETING_VERSION = 1.0;
				PRODUCT_BUNDLE_IDENTIFIER = site.cookiee.CookieeTests;
				PRODUCT_NAME = "$(TARGET_NAME)";
				SWIFT_EMIT_LOC_STRINGS = NO;
				SWIFT_VERSION = 5.0;
				TARGETED_DEVICE_FAMILY = "1,2";
				TEST_HOST = "$(BUILT_PRODUCTS_DIR)/Cookiee.app/$(BUNDLE_EXECUTABLE_FOLDER_PATH)/Cookiee";
			};
			name = Debug;
		};
		83BD79AD2C68BB590044C453 /* Release */ = {
			isa = XCBuildConfiguration;
			buildSettings = {
				ALWAYS_EMBED_SWIFT_STANDARD_LIBRARIES = YES;
				BUNDLE_LOADER = "$(TEST_HOST)";
				CODE_SIGN_STYLE = Automatic;
				CURRENT_PROJECT_VERSION = 1;
				DEVELOPMENT_TEAM = ATV75VJ92J;
				GENERATE_INFOPLIST_FILE = YES;
				IPHONEOS_DEPLOYMENT_TARGET = 17.5;
				MARKETING_VERSION = 1.0;
				PRODUCT_BUNDLE_IDENTIFIER = site.cookiee.CookieeTests;
				PRODUCT_NAME = "$(TARGET_NAME)";
				SWIFT_EMIT_LOC_STRINGS = NO;
				SWIFT_VERSION = 5.0;
				TARGETED_DEVICE_FAMILY = "1,2";
				TEST_HOST = "$(BUILT_PRODUCTS_DIR)/Cookiee.app/$(BUNDLE_EXECUTABLE_FOLDER_PATH)/Cookiee";
			};
			name = Release;
		};
		83BD79AF2C68BB590044C453 /* Debug */ = {
			isa = XCBuildConfiguration;
			buildSettings = {
				ALWAYS_EMBED_SWIFT_STANDARD_LIBRARIES = YES;
				CODE_SIGN_STYLE = Automatic;
				CURRENT_PROJECT_VERSION = 1;
				DEVELOPMENT_TEAM = ATV75VJ92J;
				GENERATE_INFOPLIST_FILE = YES;
				MARKETING_VERSION = 1.0;
				PRODUCT_BUNDLE_IDENTIFIER = site.cookiee.CookieeUITests;
				PRODUCT_NAME = "$(TARGET_NAME)";
				SWIFT_EMIT_LOC_STRINGS = NO;
				SWIFT_VERSION = 5.0;
				TARGETED_DEVICE_FAMILY = "1,2";
				TEST_TARGET_NAME = Cookiee;
			};
			name = Debug;
		};
		83BD79B02C68BB590044C453 /* Release */ = {
			isa = XCBuildConfiguration;
			buildSettings = {
				ALWAYS_EMBED_SWIFT_STANDARD_LIBRARIES = YES;
				CODE_SIGN_STYLE = Automatic;
				CURRENT_PROJECT_VERSION = 1;
				DEVELOPMENT_TEAM = ATV75VJ92J;
				GENERATE_INFOPLIST_FILE = YES;
				MARKETING_VERSION = 1.0;
				PRODUCT_BUNDLE_IDENTIFIER = site.cookiee.CookieeUITests;
				PRODUCT_NAME = "$(TARGET_NAME)";
				SWIFT_EMIT_LOC_STRINGS = NO;
				SWIFT_VERSION = 5.0;
				TARGETED_DEVICE_FAMILY = "1,2";
				TEST_TARGET_NAME = Cookiee;
			};
			name = Release;
		};
/* End XCBuildConfiguration section */

/* Begin XCConfigurationList section */
		83BD797F2C68BB570044C453 /* Build configuration list for PBXProject "Cookiee" */ = {
			isa = XCConfigurationList;
			buildConfigurations = (
				83BD79A62C68BB590044C453 /* Debug */,
				83BD79A72C68BB590044C453 /* Release */,
			);
			defaultConfigurationIsVisible = 0;
			defaultConfigurationName = Release;
		};
		83BD79A82C68BB590044C453 /* Build configuration list for PBXNativeTarget "Cookiee" */ = {
			isa = XCConfigurationList;
			buildConfigurations = (
				83BD79A92C68BB590044C453 /* Debug */,
				83BD79AA2C68BB590044C453 /* Release */,
			);
			defaultConfigurationIsVisible = 0;
			defaultConfigurationName = Release;
		};
		83BD79AB2C68BB590044C453 /* Build configuration list for PBXNativeTarget "CookieeTests" */ = {
			isa = XCConfigurationList;
			buildConfigurations = (
				83BD79AC2C68BB590044C453 /* Debug */,
				83BD79AD2C68BB590044C453 /* Release */,
			);
			defaultConfigurationIsVisible = 0;
			defaultConfigurationName = Release;
		};
		83BD79AE2C68BB590044C453 /* Build configuration list for PBXNativeTarget "CookieeUITests" */ = {
			isa = XCConfigurationList;
			buildConfigurations = (
				83BD79AF2C68BB590044C453 /* Debug */,
				83BD79B02C68BB590044C453 /* Release */,
			);
			defaultConfigurationIsVisible = 0;
			defaultConfigurationName = Release;
		};
/* End XCConfigurationList section */

/* Begin XCRemoteSwiftPackageReference section */
		833707C42CA433A80050D1C7 /* XCRemoteSwiftPackageReference "Moya" */ = {
			isa = XCRemoteSwiftPackageReference;
			repositoryURL = "https://github.com/Moya/Moya.git";
			requirement = {
				kind = upToNextMajorVersion;
				minimumVersion = 15.0.3;
			};
		};
		833707DD2CA4373D0050D1C7 /* XCRemoteSwiftPackageReference "GoogleSignIn-iOS" */ = {
			isa = XCRemoteSwiftPackageReference;
			repositoryURL = "https://github.com/google/GoogleSignIn-iOS";
			requirement = {
				kind = upToNextMajorVersion;
				minimumVersion = 8.0.0;
			};
		};
		833707E22CA4392B0050D1C7 /* XCRemoteSwiftPackageReference "GoogleSignIn-iOS" */ = {
			isa = XCRemoteSwiftPackageReference;
			repositoryURL = "https://github.com/google/GoogleSignIn-iOS";
			requirement = {
				kind = upToNextMajorVersion;
				minimumVersion = 8.0.0;
			};
		};
/* End XCRemoteSwiftPackageReference section */

/* Begin XCSwiftPackageProductDependency section */
		833707C52CA433A80050D1C7 /* CombineMoya */ = {
			isa = XCSwiftPackageProductDependency;
			package = 833707C42CA433A80050D1C7 /* XCRemoteSwiftPackageReference "Moya" */;
			productName = CombineMoya;
		};
		833707C72CA433A80050D1C7 /* Moya */ = {
			isa = XCSwiftPackageProductDependency;
			package = 833707C42CA433A80050D1C7 /* XCRemoteSwiftPackageReference "Moya" */;
			productName = Moya;
		};
		833707C92CA433A80050D1C7 /* ReactiveMoya */ = {
			isa = XCSwiftPackageProductDependency;
			package = 833707C42CA433A80050D1C7 /* XCRemoteSwiftPackageReference "Moya" */;
			productName = ReactiveMoya;
		};
		833707CB2CA433A80050D1C7 /* RxMoya */ = {
			isa = XCSwiftPackageProductDependency;
			package = 833707C42CA433A80050D1C7 /* XCRemoteSwiftPackageReference "Moya" */;
			productName = RxMoya;
		};
		833707DE2CA4373D0050D1C7 /* GoogleSignIn */ = {
			isa = XCSwiftPackageProductDependency;
			package = 833707DD2CA4373D0050D1C7 /* XCRemoteSwiftPackageReference "GoogleSignIn-iOS" */;
			productName = GoogleSignIn;
		};
		833707E02CA4373D0050D1C7 /* GoogleSignInSwift */ = {
			isa = XCSwiftPackageProductDependency;
			package = 833707DD2CA4373D0050D1C7 /* XCRemoteSwiftPackageReference "GoogleSignIn-iOS" */;
			productName = GoogleSignInSwift;
		};
		833707E32CA4392B0050D1C7 /* GoogleSignIn */ = {
			isa = XCSwiftPackageProductDependency;
			package = 833707E22CA4392B0050D1C7 /* XCRemoteSwiftPackageReference "GoogleSignIn-iOS" */;
			productName = GoogleSignIn;
		};
		833707E52CA4392B0050D1C7 /* GoogleSignInSwift */ = {
			isa = XCSwiftPackageProductDependency;
			package = 833707E22CA4392B0050D1C7 /* XCRemoteSwiftPackageReference "GoogleSignIn-iOS" */;
			productName = GoogleSignInSwift;
		};
/* End XCSwiftPackageProductDependency section */
	};
	rootObject = 83BD797C2C68BB570044C453 /* Project object */;
}
