// !$*UTF8*$!
{
	archiveVersion = 1;
	classes = {
	};
	objectVersion = 56;
	objects = {

/* Begin PBXBuildFile section */
		834AB1B02C48C1D900D5D62E /* CookieeApp.swift in Sources */ = {isa = PBXBuildFile; fileRef = 834AB1AF2C48C1D900D5D62E /* CookieeApp.swift */; };
		834AB1B22C48C1D900D5D62E /* LoginView.swift in Sources */ = {isa = PBXBuildFile; fileRef = 834AB1B12C48C1D900D5D62E /* LoginView.swift */; };
		834AB1B42C48C1DB00D5D62E /* Assets.xcassets in Resources */ = {isa = PBXBuildFile; fileRef = 834AB1B32C48C1DB00D5D62E /* Assets.xcassets */; };
		834AB1B72C48C1DB00D5D62E /* Preview Assets.xcassets in Resources */ = {isa = PBXBuildFile; fileRef = 834AB1B62C48C1DB00D5D62E /* Preview Assets.xcassets */; };
		834AB1C12C48C1DB00D5D62E /* CookieeTests.swift in Sources */ = {isa = PBXBuildFile; fileRef = 834AB1C02C48C1DB00D5D62E /* CookieeTests.swift */; };
		834AB1CB2C48C1DB00D5D62E /* CookieeUITests.swift in Sources */ = {isa = PBXBuildFile; fileRef = 834AB1CA2C48C1DB00D5D62E /* CookieeUITests.swift */; };
		834AB1CD2C48C1DB00D5D62E /* CookieeUITestsLaunchTests.swift in Sources */ = {isa = PBXBuildFile; fileRef = 834AB1CC2C48C1DB00D5D62E /* CookieeUITestsLaunchTests.swift */; };
/* End PBXBuildFile section */

/* Begin PBXContainerItemProxy section */
		834AB1BD2C48C1DB00D5D62E /* PBXContainerItemProxy */ = {
			isa = PBXContainerItemProxy;
			containerPortal = 834AB1A42C48C1D900D5D62E /* Project object */;
			proxyType = 1;
			remoteGlobalIDString = 834AB1AB2C48C1D900D5D62E;
			remoteInfo = Cookiee;
		};
		834AB1C72C48C1DB00D5D62E /* PBXContainerItemProxy */ = {
			isa = PBXContainerItemProxy;
			containerPortal = 834AB1A42C48C1D900D5D62E /* Project object */;
			proxyType = 1;
			remoteGlobalIDString = 834AB1AB2C48C1D900D5D62E;
			remoteInfo = Cookiee;
		};
/* End PBXContainerItemProxy section */

/* Begin PBXFileReference section */
		834AB1AC2C48C1D900D5D62E /* Cookiee.app */ = {isa = PBXFileReference; explicitFileType = wrapper.application; includeInIndex = 0; path = Cookiee.app; sourceTree = BUILT_PRODUCTS_DIR; };
		834AB1AF2C48C1D900D5D62E /* CookieeApp.swift */ = {isa = PBXFileReference; lastKnownFileType = sourcecode.swift; path = CookieeApp.swift; sourceTree = "<group>"; };
		834AB1B12C48C1D900D5D62E /* LoginView.swift */ = {isa = PBXFileReference; lastKnownFileType = sourcecode.swift; path = LoginView.swift; sourceTree = "<group>"; };
		834AB1B32C48C1DB00D5D62E /* Assets.xcassets */ = {isa = PBXFileReference; lastKnownFileType = folder.assetcatalog; path = Assets.xcassets; sourceTree = "<group>"; };
		834AB1B62C48C1DB00D5D62E /* Preview Assets.xcassets */ = {isa = PBXFileReference; lastKnownFileType = folder.assetcatalog; path = "Preview Assets.xcassets"; sourceTree = "<group>"; };
		834AB1BC2C48C1DB00D5D62E /* CookieeTests.xctest */ = {isa = PBXFileReference; explicitFileType = wrapper.cfbundle; includeInIndex = 0; path = CookieeTests.xctest; sourceTree = BUILT_PRODUCTS_DIR; };
		834AB1C02C48C1DB00D5D62E /* CookieeTests.swift */ = {isa = PBXFileReference; lastKnownFileType = sourcecode.swift; path = CookieeTests.swift; sourceTree = "<group>"; };
		834AB1C62C48C1DB00D5D62E /* CookieeUITests.xctest */ = {isa = PBXFileReference; explicitFileType = wrapper.cfbundle; includeInIndex = 0; path = CookieeUITests.xctest; sourceTree = BUILT_PRODUCTS_DIR; };
		834AB1CA2C48C1DB00D5D62E /* CookieeUITests.swift */ = {isa = PBXFileReference; lastKnownFileType = sourcecode.swift; path = CookieeUITests.swift; sourceTree = "<group>"; };
		834AB1CC2C48C1DB00D5D62E /* CookieeUITestsLaunchTests.swift */ = {isa = PBXFileReference; lastKnownFileType = sourcecode.swift; path = CookieeUITestsLaunchTests.swift; sourceTree = "<group>"; };
		83666FE22C50CEE40021CF9C /* Cookiee.entitlements */ = {isa = PBXFileReference; lastKnownFileType = text.plist.entitlements; path = Cookiee.entitlements; sourceTree = "<group>"; };
/* End PBXFileReference section */

/* Begin PBXFrameworksBuildPhase section */
		834AB1A92C48C1D900D5D62E /* Frameworks */ = {
			isa = PBXFrameworksBuildPhase;
			buildActionMask = 2147483647;
			files = (
			);
			runOnlyForDeploymentPostprocessing = 0;
		};
		834AB1B92C48C1DB00D5D62E /* Frameworks */ = {
			isa = PBXFrameworksBuildPhase;
			buildActionMask = 2147483647;
			files = (
			);
			runOnlyForDeploymentPostprocessing = 0;
		};
		834AB1C32C48C1DB00D5D62E /* Frameworks */ = {
			isa = PBXFrameworksBuildPhase;
			buildActionMask = 2147483647;
			files = (
			);
			runOnlyForDeploymentPostprocessing = 0;
		};
/* End PBXFrameworksBuildPhase section */

/* Begin PBXGroup section */
		834AB1A32C48C1D900D5D62E = {
			isa = PBXGroup;
			children = (
				834AB1AE2C48C1D900D5D62E /* Cookiee */,
				834AB1BF2C48C1DB00D5D62E /* CookieeTests */,
				834AB1C92C48C1DB00D5D62E /* CookieeUITests */,
				834AB1AD2C48C1D900D5D62E /* Products */,
			);
			sourceTree = "<group>";
		};
		834AB1AD2C48C1D900D5D62E /* Products */ = {
			isa = PBXGroup;
			children = (
				834AB1AC2C48C1D900D5D62E /* Cookiee.app */,
				834AB1BC2C48C1DB00D5D62E /* CookieeTests.xctest */,
				834AB1C62C48C1DB00D5D62E /* CookieeUITests.xctest */,
			);
			name = Products;
			sourceTree = "<group>";
		};
		834AB1AE2C48C1D900D5D62E /* Cookiee */ = {
			isa = PBXGroup;
			children = (
				83666FE22C50CEE40021CF9C /* Cookiee.entitlements */,
				834AB1AF2C48C1D900D5D62E /* CookieeApp.swift */,
				834AB1B12C48C1D900D5D62E /* LoginView.swift */,
				834AB1B32C48C1DB00D5D62E /* Assets.xcassets */,
				834AB1B52C48C1DB00D5D62E /* Preview Content */,
			);
			path = Cookiee;
			sourceTree = "<group>";
		};
		834AB1B52C48C1DB00D5D62E /* Preview Content */ = {
			isa = PBXGroup;
			children = (
				834AB1B62C48C1DB00D5D62E /* Preview Assets.xcassets */,
			);
			path = "Preview Content";
			sourceTree = "<group>";
		};
		834AB1BF2C48C1DB00D5D62E /* CookieeTests */ = {
			isa = PBXGroup;
			children = (
				834AB1C02C48C1DB00D5D62E /* CookieeTests.swift */,
			);
			path = CookieeTests;
			sourceTree = "<group>";
		};
		834AB1C92C48C1DB00D5D62E /* CookieeUITests */ = {
			isa = PBXGroup;
			children = (
				834AB1CA2C48C1DB00D5D62E /* CookieeUITests.swift */,
				834AB1CC2C48C1DB00D5D62E /* CookieeUITestsLaunchTests.swift */,
			);
			path = CookieeUITests;
			sourceTree = "<group>";
		};
/* End PBXGroup section */

/* Begin PBXNativeTarget section */
		834AB1AB2C48C1D900D5D62E /* Cookiee */ = {
			isa = PBXNativeTarget;
			buildConfigurationList = 834AB1D02C48C1DB00D5D62E /* Build configuration list for PBXNativeTarget "Cookiee" */;
			buildPhases = (
				834AB1A82C48C1D900D5D62E /* Sources */,
				834AB1A92C48C1D900D5D62E /* Frameworks */,
				834AB1AA2C48C1D900D5D62E /* Resources */,
			);
			buildRules = (
			);
			dependencies = (
			);
			name = Cookiee;
			productName = Cookiee;
			productReference = 834AB1AC2C48C1D900D5D62E /* Cookiee.app */;
			productType = "com.apple.product-type.application";
		};
		834AB1BB2C48C1DB00D5D62E /* CookieeTests */ = {
			isa = PBXNativeTarget;
			buildConfigurationList = 834AB1D32C48C1DB00D5D62E /* Build configuration list for PBXNativeTarget "CookieeTests" */;
			buildPhases = (
				834AB1B82C48C1DB00D5D62E /* Sources */,
				834AB1B92C48C1DB00D5D62E /* Frameworks */,
				834AB1BA2C48C1DB00D5D62E /* Resources */,
			);
			buildRules = (
			);
			dependencies = (
				834AB1BE2C48C1DB00D5D62E /* PBXTargetDependency */,
			);
			name = CookieeTests;
			productName = CookieeTests;
			productReference = 834AB1BC2C48C1DB00D5D62E /* CookieeTests.xctest */;
			productType = "com.apple.product-type.bundle.unit-test";
		};
		834AB1C52C48C1DB00D5D62E /* CookieeUITests */ = {
			isa = PBXNativeTarget;
			buildConfigurationList = 834AB1D62C48C1DB00D5D62E /* Build configuration list for PBXNativeTarget "CookieeUITests" */;
			buildPhases = (
				834AB1C22C48C1DB00D5D62E /* Sources */,
				834AB1C32C48C1DB00D5D62E /* Frameworks */,
				834AB1C42C48C1DB00D5D62E /* Resources */,
			);
			buildRules = (
			);
			dependencies = (
				834AB1C82C48C1DB00D5D62E /* PBXTargetDependency */,
			);
			name = CookieeUITests;
			productName = CookieeUITests;
			productReference = 834AB1C62C48C1DB00D5D62E /* CookieeUITests.xctest */;
			productType = "com.apple.product-type.bundle.ui-testing";
		};
/* End PBXNativeTarget section */

/* Begin PBXProject section */
		834AB1A42C48C1D900D5D62E /* Project object */ = {
			isa = PBXProject;
			attributes = {
				BuildIndependentTargetsInParallel = 1;
				LastSwiftUpdateCheck = 1540;
				LastUpgradeCheck = 1540;
				TargetAttributes = {
					834AB1AB2C48C1D900D5D62E = {
						CreatedOnToolsVersion = 15.4;
					};
					834AB1BB2C48C1DB00D5D62E = {
						CreatedOnToolsVersion = 15.4;
						TestTargetID = 834AB1AB2C48C1D900D5D62E;
					};
					834AB1C52C48C1DB00D5D62E = {
						CreatedOnToolsVersion = 15.4;
						TestTargetID = 834AB1AB2C48C1D900D5D62E;
					};
				};
			};
			buildConfigurationList = 834AB1A72C48C1D900D5D62E /* Build configuration list for PBXProject "Cookiee" */;
			compatibilityVersion = "Xcode 14.0";
			developmentRegion = en;
			hasScannedForEncodings = 0;
			knownRegions = (
				en,
				Base,
			);
			mainGroup = 834AB1A32C48C1D900D5D62E;
			productRefGroup = 834AB1AD2C48C1D900D5D62E /* Products */;
			projectDirPath = "";
			projectRoot = "";
			targets = (
				834AB1AB2C48C1D900D5D62E /* Cookiee */,
				834AB1BB2C48C1DB00D5D62E /* CookieeTests */,
				834AB1C52C48C1DB00D5D62E /* CookieeUITests */,
			);
		};
/* End PBXProject section */

/* Begin PBXResourcesBuildPhase section */
		834AB1AA2C48C1D900D5D62E /* Resources */ = {
			isa = PBXResourcesBuildPhase;
			buildActionMask = 2147483647;
			files = (
				834AB1B72C48C1DB00D5D62E /* Preview Assets.xcassets in Resources */,
				834AB1B42C48C1DB00D5D62E /* Assets.xcassets in Resources */,
			);
			runOnlyForDeploymentPostprocessing = 0;
		};
		834AB1BA2C48C1DB00D5D62E /* Resources */ = {
			isa = PBXResourcesBuildPhase;
			buildActionMask = 2147483647;
			files = (
			);
			runOnlyForDeploymentPostprocessing = 0;
		};
		834AB1C42C48C1DB00D5D62E /* Resources */ = {
			isa = PBXResourcesBuildPhase;
			buildActionMask = 2147483647;
			files = (
			);
			runOnlyForDeploymentPostprocessing = 0;
		};
/* End PBXResourcesBuildPhase section */

/* Begin PBXSourcesBuildPhase section */
		834AB1A82C48C1D900D5D62E /* Sources */ = {
			isa = PBXSourcesBuildPhase;
			buildActionMask = 2147483647;
			files = (
				834AB1B22C48C1D900D5D62E /* LoginView.swift in Sources */,
				834AB1B02C48C1D900D5D62E /* CookieeApp.swift in Sources */,
			);
			runOnlyForDeploymentPostprocessing = 0;
		};
		834AB1B82C48C1DB00D5D62E /* Sources */ = {
			isa = PBXSourcesBuildPhase;
			buildActionMask = 2147483647;
			files = (
				834AB1C12C48C1DB00D5D62E /* CookieeTests.swift in Sources */,
			);
			runOnlyForDeploymentPostprocessing = 0;
		};
		834AB1C22C48C1DB00D5D62E /* Sources */ = {
			isa = PBXSourcesBuildPhase;
			buildActionMask = 2147483647;
			files = (
				834AB1CD2C48C1DB00D5D62E /* CookieeUITestsLaunchTests.swift in Sources */,
				834AB1CB2C48C1DB00D5D62E /* CookieeUITests.swift in Sources */,
			);
			runOnlyForDeploymentPostprocessing = 0;
		};
/* End PBXSourcesBuildPhase section */

/* Begin PBXTargetDependency section */
		834AB1BE2C48C1DB00D5D62E /* PBXTargetDependency */ = {
			isa = PBXTargetDependency;
			target = 834AB1AB2C48C1D900D5D62E /* Cookiee */;
			targetProxy = 834AB1BD2C48C1DB00D5D62E /* PBXContainerItemProxy */;
		};
		834AB1C82C48C1DB00D5D62E /* PBXTargetDependency */ = {
			isa = PBXTargetDependency;
			target = 834AB1AB2C48C1D900D5D62E /* Cookiee */;
			targetProxy = 834AB1C72C48C1DB00D5D62E /* PBXContainerItemProxy */;
		};
/* End PBXTargetDependency section */

/* Begin XCBuildConfiguration section */
		834AB1CE2C48C1DB00D5D62E /* Debug */ = {
			isa = XCBuildConfiguration;
			buildSettings = {
				ALWAYS_SEARCH_USER_PATHS = NO;
				ASSETCATALOG_COMPILER_GENERATE_SWIFT_ASSET_SYMBOL_EXTENSIONS = YES;
				CLANG_ANALYZER_NONNULL = YES;
				CLANG_ANALYZER_NUMBER_OBJECT_CONVERSION = YES_AGGRESSIVE;
				CLANG_CXX_LANGUAGE_STANDARD = "gnu++20";
				CLANG_ENABLE_MODULES = YES;
				CLANG_ENABLE_OBJC_ARC = YES;
				CLANG_ENABLE_OBJC_WEAK = YES;
				CLANG_WARN_BLOCK_CAPTURE_AUTORELEASING = YES;
				CLANG_WARN_BOOL_CONVERSION = YES;
				CLANG_WARN_COMMA = YES;
				CLANG_WARN_CONSTANT_CONVERSION = YES;
				CLANG_WARN_DEPRECATED_OBJC_IMPLEMENTATIONS = YES;
				CLANG_WARN_DIRECT_OBJC_ISA_USAGE = YES_ERROR;
				CLANG_WARN_DOCUMENTATION_COMMENTS = YES;
				CLANG_WARN_EMPTY_BODY = YES;
				CLANG_WARN_ENUM_CONVERSION = YES;
				CLANG_WARN_INFINITE_RECURSION = YES;
				CLANG_WARN_INT_CONVERSION = YES;
				CLANG_WARN_NON_LITERAL_NULL_CONVERSION = YES;
				CLANG_WARN_OBJC_IMPLICIT_RETAIN_SELF = YES;
				CLANG_WARN_OBJC_LITERAL_CONVERSION = YES;
				CLANG_WARN_OBJC_ROOT_CLASS = YES_ERROR;
				CLANG_WARN_QUOTED_INCLUDE_IN_FRAMEWORK_HEADER = YES;
				CLANG_WARN_RANGE_LOOP_ANALYSIS = YES;
				CLANG_WARN_STRICT_PROTOTYPES = YES;
				CLANG_WARN_SUSPICIOUS_MOVE = YES;
				CLANG_WARN_UNGUARDED_AVAILABILITY = YES_AGGRESSIVE;
				CLANG_WARN_UNREACHABLE_CODE = YES;
				CLANG_WARN__DUPLICATE_METHOD_MATCH = YES;
				COPY_PHASE_STRIP = NO;
				DEBUG_INFORMATION_FORMAT = dwarf;
				ENABLE_STRICT_OBJC_MSGSEND = YES;
				ENABLE_TESTABILITY = YES;
				ENABLE_USER_SCRIPT_SANDBOXING = YES;
				GCC_C_LANGUAGE_STANDARD = gnu17;
				GCC_DYNAMIC_NO_PIC = NO;
				GCC_NO_COMMON_BLOCKS = YES;
				GCC_OPTIMIZATION_LEVEL = 0;
				GCC_PREPROCESSOR_DEFINITIONS = (
					"DEBUG=1",
					"$(inherited)",
				);
				GCC_WARN_64_TO_32_BIT_CONVERSION = YES;
				GCC_WARN_ABOUT_RETURN_TYPE = YES_ERROR;
				GCC_WARN_UNDECLARED_SELECTOR = YES;
				GCC_WARN_UNINITIALIZED_AUTOS = YES_AGGRESSIVE;
				GCC_WARN_UNUSED_FUNCTION = YES;
				GCC_WARN_UNUSED_VARIABLE = YES;
				IPHONEOS_DEPLOYMENT_TARGET = 17.5;
				LOCALIZATION_PREFERS_STRING_CATALOGS = YES;
				MTL_ENABLE_DEBUG_INFO = INCLUDE_SOURCE;
				MTL_FAST_MATH = YES;
				ONLY_ACTIVE_ARCH = YES;
				SDKROOT = iphoneos;
				SWIFT_ACTIVE_COMPILATION_CONDITIONS = "DEBUG $(inherited)";
				SWIFT_OPTIMIZATION_LEVEL = "-Onone";
			};
			name = Debug;
		};
		834AB1CF2C48C1DB00D5D62E /* Release */ = {
			isa = XCBuildConfiguration;
			buildSettings = {
				ALWAYS_SEARCH_USER_PATHS = NO;
				ASSETCATALOG_COMPILER_GENERATE_SWIFT_ASSET_SYMBOL_EXTENSIONS = YES;
				CLANG_ANALYZER_NONNULL = YES;
				CLANG_ANALYZER_NUMBER_OBJECT_CONVERSION = YES_AGGRESSIVE;
				CLANG_CXX_LANGUAGE_STANDARD = "gnu++20";
				CLANG_ENABLE_MODULES = YES;
				CLANG_ENABLE_OBJC_ARC = YES;
				CLANG_ENABLE_OBJC_WEAK = YES;
				CLANG_WARN_BLOCK_CAPTURE_AUTORELEASING = YES;
				CLANG_WARN_BOOL_CONVERSION = YES;
				CLANG_WARN_COMMA = YES;
				CLANG_WARN_CONSTANT_CONVERSION = YES;
				CLANG_WARN_DEPRECATED_OBJC_IMPLEMENTATIONS = YES;
				CLANG_WARN_DIRECT_OBJC_ISA_USAGE = YES_ERROR;
				CLANG_WARN_DOCUMENTATION_COMMENTS = YES;
				CLANG_WARN_EMPTY_BODY = YES;
				CLANG_WARN_ENUM_CONVERSION = YES;
				CLANG_WARN_INFINITE_RECURSION = YES;
				CLANG_WARN_INT_CONVERSION = YES;
				CLANG_WARN_NON_LITERAL_NULL_CONVERSION = YES;
				CLANG_WARN_OBJC_IMPLICIT_RETAIN_SELF = YES;
				CLANG_WARN_OBJC_LITERAL_CONVERSION = YES;
				CLANG_WARN_OBJC_ROOT_CLASS = YES_ERROR;
				CLANG_WARN_QUOTED_INCLUDE_IN_FRAMEWORK_HEADER = YES;
				CLANG_WARN_RANGE_LOOP_ANALYSIS = YES;
				CLANG_WARN_STRICT_PROTOTYPES = YES;
				CLANG_WARN_SUSPICIOUS_MOVE = YES;
				CLANG_WARN_UNGUARDED_AVAILABILITY = YES_AGGRESSIVE;
				CLANG_WARN_UNREACHABLE_CODE = YES;
				CLANG_WARN__DUPLICATE_METHOD_MATCH = YES;
				COPY_PHASE_STRIP = NO;
				DEBUG_INFORMATION_FORMAT = "dwarf-with-dsym";
				ENABLE_NS_ASSERTIONS = NO;
				ENABLE_STRICT_OBJC_MSGSEND = YES;
				ENABLE_USER_SCRIPT_SANDBOXING = YES;
				GCC_C_LANGUAGE_STANDARD = gnu17;
				GCC_NO_COMMON_BLOCKS = YES;
				GCC_WARN_64_TO_32_BIT_CONVERSION = YES;
				GCC_WARN_ABOUT_RETURN_TYPE = YES_ERROR;
				GCC_WARN_UNDECLARED_SELECTOR = YES;
				GCC_WARN_UNINITIALIZED_AUTOS = YES_AGGRESSIVE;
				GCC_WARN_UNUSED_FUNCTION = YES;
				GCC_WARN_UNUSED_VARIABLE = YES;
				IPHONEOS_DEPLOYMENT_TARGET = 17.5;
				LOCALIZATION_PREFERS_STRING_CATALOGS = YES;
				MTL_ENABLE_DEBUG_INFO = NO;
				MTL_FAST_MATH = YES;
				SDKROOT = iphoneos;
				SWIFT_COMPILATION_MODE = wholemodule;
				VALIDATE_PRODUCT = YES;
			};
			name = Release;
		};
		834AB1D12C48C1DB00D5D62E /* Debug */ = {
			isa = XCBuildConfiguration;
			buildSettings = {
				ASSETCATALOG_COMPILER_APPICON_NAME = AppIcon;
				ASSETCATALOG_COMPILER_GLOBAL_ACCENT_COLOR_NAME = AccentColor;
				CODE_SIGN_ENTITLEMENTS = Cookiee/Cookiee.entitlements;
				CODE_SIGN_STYLE = Automatic;
				CURRENT_PROJECT_VERSION = 1;
				DEVELOPMENT_ASSET_PATHS = "\"Cookiee/Preview Content\"";
				DEVELOPMENT_TEAM = ATV75VJ92J;
				ENABLE_PREVIEWS = YES;
				GENERATE_INFOPLIST_FILE = YES;
				INFOPLIST_KEY_UIApplicationSceneManifest_Generation = YES;
				INFOPLIST_KEY_UIApplicationSupportsIndirectInputEvents = YES;
				INFOPLIST_KEY_UILaunchScreen_Generation = YES;
				INFOPLIST_KEY_UISupportedInterfaceOrientations_iPad = "UIInterfaceOrientationPortrait UIInterfaceOrientationPortraitUpsideDown UIInterfaceOrientationLandscapeLeft UIInterfaceOrientationLandscapeRight";
				INFOPLIST_KEY_UISupportedInterfaceOrientations_iPhone = "UIInterfaceOrientationPortrait UIInterfaceOrientationLandscapeLeft UIInterfaceOrientationLandscapeRight";
				LD_RUNPATH_SEARCH_PATHS = (
					"$(inherited)",
					"@executable_path/Frameworks",
				);
				MARKETING_VERSION = 1.0;
				PRODUCT_BUNDLE_IDENTIFIER = site.cookiee.cookiee;
				PRODUCT_NAME = "$(TARGET_NAME)";
				SWIFT_EMIT_LOC_STRINGS = YES;
				SWIFT_VERSION = 5.0;
				TARGETED_DEVICE_FAMILY = "1,2";
			};
			name = Debug;
		};
		834AB1D22C48C1DB00D5D62E /* Release */ = {
			isa = XCBuildConfiguration;
			buildSettings = {
				ASSETCATALOG_COMPILER_APPICON_NAME = AppIcon;
				ASSETCATALOG_COMPILER_GLOBAL_ACCENT_COLOR_NAME = AccentColor;
				CODE_SIGN_ENTITLEMENTS = Cookiee/Cookiee.entitlements;
				CODE_SIGN_STYLE = Automatic;
				CURRENT_PROJECT_VERSION = 1;
				DEVELOPMENT_ASSET_PATHS = "\"Cookiee/Preview Content\"";
				DEVELOPMENT_TEAM = ATV75VJ92J;
				ENABLE_PREVIEWS = YES;
				GENERATE_INFOPLIST_FILE = YES;
				INFOPLIST_KEY_UIApplicationSceneManifest_Generation = YES;
				INFOPLIST_KEY_UIApplicationSupportsIndirectInputEvents = YES;
				INFOPLIST_KEY_UILaunchScreen_Generation = YES;
				INFOPLIST_KEY_UISupportedInterfaceOrientations_iPad = "UIInterfaceOrientationPortrait UIInterfaceOrientationPortraitUpsideDown UIInterfaceOrientationLandscapeLeft UIInterfaceOrientationLandscapeRight";
				INFOPLIST_KEY_UISupportedInterfaceOrientations_iPhone = "UIInterfaceOrientationPortrait UIInterfaceOrientationLandscapeLeft UIInterfaceOrientationLandscapeRight";
				LD_RUNPATH_SEARCH_PATHS = (
					"$(inherited)",
					"@executable_path/Frameworks",
				);
				MARKETING_VERSION = 1.0;
				PRODUCT_BUNDLE_IDENTIFIER = site.cookiee.cookiee;
				PRODUCT_NAME = "$(TARGET_NAME)";
				SWIFT_EMIT_LOC_STRINGS = YES;
				SWIFT_VERSION = 5.0;
				TARGETED_DEVICE_FAMILY = "1,2";
			};
			name = Release;
		};
		834AB1D42C48C1DB00D5D62E /* Debug */ = {
			isa = XCBuildConfiguration;
			buildSettings = {
				ALWAYS_EMBED_SWIFT_STANDARD_LIBRARIES = YES;
				BUNDLE_LOADER = "$(TEST_HOST)";
				CODE_SIGN_STYLE = Automatic;
				CURRENT_PROJECT_VERSION = 1;
				GENERATE_INFOPLIST_FILE = YES;
				IPHONEOS_DEPLOYMENT_TARGET = 17.5;
				MARKETING_VERSION = 1.0;
				PRODUCT_BUNDLE_IDENTIFIER = com.example.CookieeTests;
				PRODUCT_NAME = "$(TARGET_NAME)";
				SWIFT_EMIT_LOC_STRINGS = NO;
				SWIFT_VERSION = 5.0;
				TARGETED_DEVICE_FAMILY = "1,2";
				TEST_HOST = "$(BUILT_PRODUCTS_DIR)/Cookiee.app/$(BUNDLE_EXECUTABLE_FOLDER_PATH)/Cookiee";
			};
			name = Debug;
		};
		834AB1D52C48C1DB00D5D62E /* Release */ = {
			isa = XCBuildConfiguration;
			buildSettings = {
				ALWAYS_EMBED_SWIFT_STANDARD_LIBRARIES = YES;
				BUNDLE_LOADER = "$(TEST_HOST)";
				CODE_SIGN_STYLE = Automatic;
				CURRENT_PROJECT_VERSION = 1;
				GENERATE_INFOPLIST_FILE = YES;
				IPHONEOS_DEPLOYMENT_TARGET = 17.5;
				MARKETING_VERSION = 1.0;
				PRODUCT_BUNDLE_IDENTIFIER = com.example.CookieeTests;
				PRODUCT_NAME = "$(TARGET_NAME)";
				SWIFT_EMIT_LOC_STRINGS = NO;
				SWIFT_VERSION = 5.0;
				TARGETED_DEVICE_FAMILY = "1,2";
				TEST_HOST = "$(BUILT_PRODUCTS_DIR)/Cookiee.app/$(BUNDLE_EXECUTABLE_FOLDER_PATH)/Cookiee";
			};
			name = Release;
		};
		834AB1D72C48C1DB00D5D62E /* Debug */ = {
			isa = XCBuildConfiguration;
			buildSettings = {
				ALWAYS_EMBED_SWIFT_STANDARD_LIBRARIES = YES;
				CODE_SIGN_STYLE = Automatic;
				CURRENT_PROJECT_VERSION = 1;
				DEVELOPMENT_TEAM = ATV75VJ92J;
				GENERATE_INFOPLIST_FILE = YES;
				MARKETING_VERSION = 1.0;
				PRODUCT_BUNDLE_IDENTIFIER = site.cookiee.cookiee;
				PRODUCT_NAME = "$(TARGET_NAME)";
				SWIFT_EMIT_LOC_STRINGS = NO;
				SWIFT_VERSION = 5.0;
				TARGETED_DEVICE_FAMILY = "1,2";
				TEST_TARGET_NAME = Cookiee;
			};
			name = Debug;
		};
		834AB1D82C48C1DB00D5D62E /* Release */ = {
			isa = XCBuildConfiguration;
			buildSettings = {
				ALWAYS_EMBED_SWIFT_STANDARD_LIBRARIES = YES;
				CODE_SIGN_STYLE = Automatic;
				CURRENT_PROJECT_VERSION = 1;
				DEVELOPMENT_TEAM = ATV75VJ92J;
				GENERATE_INFOPLIST_FILE = YES;
				MARKETING_VERSION = 1.0;
				PRODUCT_BUNDLE_IDENTIFIER = site.cookiee.cookiee;
				PRODUCT_NAME = "$(TARGET_NAME)";
				SWIFT_EMIT_LOC_STRINGS = NO;
				SWIFT_VERSION = 5.0;
				TARGETED_DEVICE_FAMILY = "1,2";
				TEST_TARGET_NAME = Cookiee;
			};
			name = Release;
		};
/* End XCBuildConfiguration section */

/* Begin XCConfigurationList section */
		834AB1A72C48C1D900D5D62E /* Build configuration list for PBXProject "Cookiee" */ = {
			isa = XCConfigurationList;
			buildConfigurations = (
				834AB1CE2C48C1DB00D5D62E /* Debug */,
				834AB1CF2C48C1DB00D5D62E /* Release */,
			);
			defaultConfigurationIsVisible = 0;
			defaultConfigurationName = Release;
		};
		834AB1D02C48C1DB00D5D62E /* Build configuration list for PBXNativeTarget "Cookiee" */ = {
			isa = XCConfigurationList;
			buildConfigurations = (
				834AB1D12C48C1DB00D5D62E /* Debug */,
				834AB1D22C48C1DB00D5D62E /* Release */,
			);
			defaultConfigurationIsVisible = 0;
			defaultConfigurationName = Release;
		};
		834AB1D32C48C1DB00D5D62E /* Build configuration list for PBXNativeTarget "CookieeTests" */ = {
			isa = XCConfigurationList;
			buildConfigurations = (
				834AB1D42C48C1DB00D5D62E /* Debug */,
				834AB1D52C48C1DB00D5D62E /* Release */,
			);
			defaultConfigurationIsVisible = 0;
			defaultConfigurationName = Release;
		};
		834AB1D62C48C1DB00D5D62E /* Build configuration list for PBXNativeTarget "CookieeUITests" */ = {
			isa = XCConfigurationList;
			buildConfigurations = (
				834AB1D72C48C1DB00D5D62E /* Debug */,
				834AB1D82C48C1DB00D5D62E /* Release */,
			);
			defaultConfigurationIsVisible = 0;
			defaultConfigurationName = Release;
		};
/* End XCConfigurationList section */
	};
	rootObject = 834AB1A42C48C1D900D5D62E /* Project object */;
}
