// !$*UTF8*$!
{
	archiveVersion = 1;
	classes = {
	};
	objectVersion = 56;
	objects = {

/* Begin PBXBuildFile section */
		835F7AD22C70CD3F006AEE89 /* FetchImageByURL.swift in Sources */ = {isa = PBXBuildFile; fileRef = 835F7AD12C70CD3F006AEE89 /* FetchImageByURL.swift */; };
		8369B3752C6905F6005ACDBD /* ColorExtension.swift in Sources */ = {isa = PBXBuildFile; fileRef = 8369B3742C6905F6005ACDBD /* ColorExtension.swift */; };
		8383B48C2C74C74700C9127F /* MyPageView.swift in Sources */ = {isa = PBXBuildFile; fileRef = 8383B48B2C74C74700C9127F /* MyPageView.swift */; };
		8385C5A42C6E1EE600D1DD21 /* EventDetailSample.swift in Sources */ = {isa = PBXBuildFile; fileRef = 8385C5A32C6E1EE600D1DD21 /* EventDetailSample.swift */; };
		8385C5A62C6E229800D1DD21 /* EventDetailView.swift in Sources */ = {isa = PBXBuildFile; fileRef = 8385C5A52C6E229800D1DD21 /* EventDetailView.swift */; };
		8385C5AB2C6E6B1500D1DD21 /* CategoryLabelView.swift in Sources */ = {isa = PBXBuildFile; fileRef = 8385C5AA2C6E6B1500D1DD21 /* CategoryLabelView.swift */; };
		8385C5AD2C6E6B5E00D1DD21 /* ImageCarouselView.swift in Sources */ = {isa = PBXBuildFile; fileRef = 8385C5AC2C6E6B5E00D1DD21 /* ImageCarouselView.swift */; };
		83B1C6B32C74E76900740EA3 /* CategoryEditView.swift in Sources */ = {isa = PBXBuildFile; fileRef = 83B1C6B22C74E76900740EA3 /* CategoryEditView.swift */; };
		83B5CA892C690DCE00C69ED1 /* TabBarView.swift in Sources */ = {isa = PBXBuildFile; fileRef = 83B5CA882C690DCE00C69ED1 /* TabBarView.swift */; };
		83B5CA8B2C6910D900C69ED1 /* FontExtension.swift in Sources */ = {isa = PBXBuildFile; fileRef = 83B5CA8A2C6910D900C69ED1 /* FontExtension.swift */; };
		83B5CA972C6911AF00C69ED1 /* Pretendard-Black.ttf in Resources */ = {isa = PBXBuildFile; fileRef = 83B5CA8E2C6911AE00C69ED1 /* Pretendard-Black.ttf */; };
		83B5CA982C6911AF00C69ED1 /* Pretendard-ExtraBold.ttf in Resources */ = {isa = PBXBuildFile; fileRef = 83B5CA8F2C6911AF00C69ED1 /* Pretendard-ExtraBold.ttf */; };
		83B5CA992C6911AF00C69ED1 /* Pretendard-Bold.ttf in Resources */ = {isa = PBXBuildFile; fileRef = 83B5CA902C6911AF00C69ED1 /* Pretendard-Bold.ttf */; };
		83B5CA9A2C6911AF00C69ED1 /* Pretendard-Regular.ttf in Resources */ = {isa = PBXBuildFile; fileRef = 83B5CA912C6911AF00C69ED1 /* Pretendard-Regular.ttf */; };
		83B5CA9B2C6911AF00C69ED1 /* Pretendard-Medium.ttf in Resources */ = {isa = PBXBuildFile; fileRef = 83B5CA922C6911AF00C69ED1 /* Pretendard-Medium.ttf */; };
		83B5CA9C2C6911AF00C69ED1 /* Pretendard-Light.ttf in Resources */ = {isa = PBXBuildFile; fileRef = 83B5CA932C6911AF00C69ED1 /* Pretendard-Light.ttf */; };
		83B5CA9D2C6911AF00C69ED1 /* Pretendard-SemiBold.ttf in Resources */ = {isa = PBXBuildFile; fileRef = 83B5CA942C6911AF00C69ED1 /* Pretendard-SemiBold.ttf */; };
		83B5CA9E2C6911AF00C69ED1 /* Pretendard-ExtraLight.ttf in Resources */ = {isa = PBXBuildFile; fileRef = 83B5CA952C6911AF00C69ED1 /* Pretendard-ExtraLight.ttf */; };
		83B5CA9F2C6911AF00C69ED1 /* Pretendard-Thin.ttf in Resources */ = {isa = PBXBuildFile; fileRef = 83B5CA962C6911AF00C69ED1 /* Pretendard-Thin.ttf */; };
		83BD79882C68BB570044C453 /* CookieeApp.swift in Sources */ = {isa = PBXBuildFile; fileRef = 83BD79872C68BB570044C453 /* CookieeApp.swift */; };
		83BD798A2C68BB570044C453 /* ContentView.swift in Sources */ = {isa = PBXBuildFile; fileRef = 83BD79892C68BB570044C453 /* ContentView.swift */; };
		83BD798C2C68BB580044C453 /* Assets.xcassets in Resources */ = {isa = PBXBuildFile; fileRef = 83BD798B2C68BB580044C453 /* Assets.xcassets */; };
		83BD798F2C68BB580044C453 /* Preview Assets.xcassets in Resources */ = {isa = PBXBuildFile; fileRef = 83BD798E2C68BB580044C453 /* Preview Assets.xcassets */; };
		83BD79992C68BB590044C453 /* CookieeTests.swift in Sources */ = {isa = PBXBuildFile; fileRef = 83BD79982C68BB590044C453 /* CookieeTests.swift */; };
		83BD79A32C68BB590044C453 /* CookieeUITests.swift in Sources */ = {isa = PBXBuildFile; fileRef = 83BD79A22C68BB590044C453 /* CookieeUITests.swift */; };
		83BD79A52C68BB590044C453 /* CookieeUITestsLaunchTests.swift in Sources */ = {isa = PBXBuildFile; fileRef = 83BD79A42C68BB590044C453 /* CookieeUITestsLaunchTests.swift */; };
		83BD79B92C68BE4C0044C453 /* SocialLoginView.swift in Sources */ = {isa = PBXBuildFile; fileRef = 83BD79B82C68BE4C0044C453 /* SocialLoginView.swift */; };
		83C861BC2C74E1DC004FDF7A /* PrivacyPolicyView.swift in Sources */ = {isa = PBXBuildFile; fileRef = 83C861BB2C74E1DC004FDF7A /* PrivacyPolicyView.swift */; };
		83DC7F812C69DF76002AB210 /* HomeCalendarView.swift in Sources */ = {isa = PBXBuildFile; fileRef = 83DC7F802C69DF76002AB210 /* HomeCalendarView.swift */; };
		83DC7F832C6A2A1D002AB210 /* DateView.swift in Sources */ = {isa = PBXBuildFile; fileRef = 83DC7F822C6A2A1D002AB210 /* DateView.swift */; };
		83E540172C6CE6B900509671 /* EventListSample.swift in Sources */ = {isa = PBXBuildFile; fileRef = 83E540162C6CE6B900509671 /* EventListSample.swift */; };
/* End PBXBuildFile section */

/* Begin PBXContainerItemProxy section */
		83BD79952C68BB590044C453 /* PBXContainerItemProxy */ = {
			isa = PBXContainerItemProxy;
			containerPortal = 83BD797C2C68BB570044C453 /* Project object */;
			proxyType = 1;
			remoteGlobalIDString = 83BD79832C68BB570044C453;
			remoteInfo = Cookiee;
		};
		83BD799F2C68BB590044C453 /* PBXContainerItemProxy */ = {
			isa = PBXContainerItemProxy;
			containerPortal = 83BD797C2C68BB570044C453 /* Project object */;
			proxyType = 1;
			remoteGlobalIDString = 83BD79832C68BB570044C453;
			remoteInfo = Cookiee;
		};
/* End PBXContainerItemProxy section */

/* Begin PBXFileReference section */
		835F7AD12C70CD3F006AEE89 /* FetchImageByURL.swift */ = {isa = PBXFileReference; lastKnownFileType = sourcecode.swift; path = FetchImageByURL.swift; sourceTree = "<group>"; };
		8369B3742C6905F6005ACDBD /* ColorExtension.swift */ = {isa = PBXFileReference; lastKnownFileType = sourcecode.swift; path = ColorExtension.swift; sourceTree = "<group>"; };
		8383B48B2C74C74700C9127F /* MyPageView.swift */ = {isa = PBXFileReference; lastKnownFileType = sourcecode.swift; path = MyPageView.swift; sourceTree = "<group>"; };
		8385C5A32C6E1EE600D1DD21 /* EventDetailSample.swift */ = {isa = PBXFileReference; lastKnownFileType = sourcecode.swift; path = EventDetailSample.swift; sourceTree = "<group>"; };
		8385C5A52C6E229800D1DD21 /* EventDetailView.swift */ = {isa = PBXFileReference; lastKnownFileType = sourcecode.swift; path = EventDetailView.swift; sourceTree = "<group>"; };
		8385C5AA2C6E6B1500D1DD21 /* CategoryLabelView.swift */ = {isa = PBXFileReference; lastKnownFileType = sourcecode.swift; path = CategoryLabelView.swift; sourceTree = "<group>"; };
		8385C5AC2C6E6B5E00D1DD21 /* ImageCarouselView.swift */ = {isa = PBXFileReference; lastKnownFileType = sourcecode.swift; path = ImageCarouselView.swift; sourceTree = "<group>"; };
		83B1C6B22C74E76900740EA3 /* CategoryEditView.swift */ = {isa = PBXFileReference; lastKnownFileType = sourcecode.swift; path = CategoryEditView.swift; sourceTree = "<group>"; };
		83B5CA882C690DCE00C69ED1 /* TabBarView.swift */ = {isa = PBXFileReference; lastKnownFileType = sourcecode.swift; path = TabBarView.swift; sourceTree = "<group>"; };
		83B5CA8A2C6910D900C69ED1 /* FontExtension.swift */ = {isa = PBXFileReference; lastKnownFileType = sourcecode.swift; path = FontExtension.swift; sourceTree = "<group>"; };
		83B5CA8E2C6911AE00C69ED1 /* Pretendard-Black.ttf */ = {isa = PBXFileReference; lastKnownFileType = file; name = "Pretendard-Black.ttf"; path = "../../../../../../../Downloads/Pretendard-1.3.9/public/static/alternative/Pretendard-Black.ttf"; sourceTree = "<group>"; };
		83B5CA8F2C6911AF00C69ED1 /* Pretendard-ExtraBold.ttf */ = {isa = PBXFileReference; lastKnownFileType = file; name = "Pretendard-ExtraBold.ttf"; path = "../../../../../../../Downloads/Pretendard-1.3.9/public/static/alternative/Pretendard-ExtraBold.ttf"; sourceTree = "<group>"; };
		83B5CA902C6911AF00C69ED1 /* Pretendard-Bold.ttf */ = {isa = PBXFileReference; lastKnownFileType = file; name = "Pretendard-Bold.ttf"; path = "../../../../../../../Downloads/Pretendard-1.3.9/public/static/alternative/Pretendard-Bold.ttf"; sourceTree = "<group>"; };
		83B5CA912C6911AF00C69ED1 /* Pretendard-Regular.ttf */ = {isa = PBXFileReference; lastKnownFileType = file; name = "Pretendard-Regular.ttf"; path = "../../../../../../../Downloads/Pretendard-1.3.9/public/static/alternative/Pretendard-Regular.ttf"; sourceTree = "<group>"; };
		83B5CA922C6911AF00C69ED1 /* Pretendard-Medium.ttf */ = {isa = PBXFileReference; lastKnownFileType = file; name = "Pretendard-Medium.ttf"; path = "../../../../../../../Downloads/Pretendard-1.3.9/public/static/alternative/Pretendard-Medium.ttf"; sourceTree = "<group>"; };
		83B5CA932C6911AF00C69ED1 /* Pretendard-Light.ttf */ = {isa = PBXFileReference; lastKnownFileType = file; name = "Pretendard-Light.ttf"; path = "../../../../../../../Downloads/Pretendard-1.3.9/public/static/alternative/Pretendard-Light.ttf"; sourceTree = "<group>"; };
		83B5CA942C6911AF00C69ED1 /* Pretendard-SemiBold.ttf */ = {isa = PBXFileReference; lastKnownFileType = file; name = "Pretendard-SemiBold.ttf"; path = "../../../../../../../Downloads/Pretendard-1.3.9/public/static/alternative/Pretendard-SemiBold.ttf"; sourceTree = "<group>"; };
		83B5CA952C6911AF00C69ED1 /* Pretendard-ExtraLight.ttf */ = {isa = PBXFileReference; lastKnownFileType = file; name = "Pretendard-ExtraLight.ttf"; path = "../../../../../../../Downloads/Pretendard-1.3.9/public/static/alternative/Pretendard-ExtraLight.ttf"; sourceTree = "<group>"; };
		83B5CA962C6911AF00C69ED1 /* Pretendard-Thin.ttf */ = {isa = PBXFileReference; lastKnownFileType = file; name = "Pretendard-Thin.ttf"; path = "../../../../../../../Downloads/Pretendard-1.3.9/public/static/alternative/Pretendard-Thin.ttf"; sourceTree = "<group>"; };
		83B5CAA02C6911EB00C69ED1 /* Info.plist */ = {isa = PBXFileReference; lastKnownFileType = text.plist; path = Info.plist; sourceTree = "<group>"; };
		83BD79842C68BB570044C453 /* Cookiee.app */ = {isa = PBXFileReference; explicitFileType = wrapper.application; includeInIndex = 0; path = Cookiee.app; sourceTree = BUILT_PRODUCTS_DIR; };
		83BD79872C68BB570044C453 /* CookieeApp.swift */ = {isa = PBXFileReference; lastKnownFileType = sourcecode.swift; path = CookieeApp.swift; sourceTree = "<group>"; };
		83BD79892C68BB570044C453 /* ContentView.swift */ = {isa = PBXFileReference; lastKnownFileType = sourcecode.swift; path = ContentView.swift; sourceTree = "<group>"; };
		83BD798B2C68BB580044C453 /* Assets.xcassets */ = {isa = PBXFileReference; lastKnownFileType = folder.assetcatalog; path = Assets.xcassets; sourceTree = "<group>"; };
		83BD798E2C68BB580044C453 /* Preview Assets.xcassets */ = {isa = PBXFileReference; lastKnownFileType = folder.assetcatalog; path = "Preview Assets.xcassets"; sourceTree = "<group>"; };
		83BD79942C68BB590044C453 /* CookieeTests.xctest */ = {isa = PBXFileReference; explicitFileType = wrapper.cfbundle; includeInIndex = 0; path = CookieeTests.xctest; sourceTree = BUILT_PRODUCTS_DIR; };
		83BD79982C68BB590044C453 /* CookieeTests.swift */ = {isa = PBXFileReference; lastKnownFileType = sourcecode.swift; path = CookieeTests.swift; sourceTree = "<group>"; };
		83BD799E2C68BB590044C453 /* CookieeUITests.xctest */ = {isa = PBXFileReference; explicitFileType = wrapper.cfbundle; includeInIndex = 0; path = CookieeUITests.xctest; sourceTree = BUILT_PRODUCTS_DIR; };
		83BD79A22C68BB590044C453 /* CookieeUITests.swift */ = {isa = PBXFileReference; lastKnownFileType = sourcecode.swift; path = CookieeUITests.swift; sourceTree = "<group>"; };
		83BD79A42C68BB590044C453 /* CookieeUITestsLaunchTests.swift */ = {isa = PBXFileReference; lastKnownFileType = sourcecode.swift; path = CookieeUITestsLaunchTests.swift; sourceTree = "<group>"; };
		83BD79B12C68BBA10044C453 /* Cookiee.entitlements */ = {isa = PBXFileReference; lastKnownFileType = text.plist.entitlements; path = Cookiee.entitlements; sourceTree = "<group>"; };
		83BD79B82C68BE4C0044C453 /* SocialLoginView.swift */ = {isa = PBXFileReference; lastKnownFileType = sourcecode.swift; path = SocialLoginView.swift; sourceTree = "<group>"; };
		83C861BB2C74E1DC004FDF7A /* PrivacyPolicyView.swift */ = {isa = PBXFileReference; lastKnownFileType = sourcecode.swift; path = PrivacyPolicyView.swift; sourceTree = "<group>"; };
		83DC7F802C69DF76002AB210 /* HomeCalendarView.swift */ = {isa = PBXFileReference; lastKnownFileType = sourcecode.swift; path = HomeCalendarView.swift; sourceTree = "<group>"; };
		83DC7F822C6A2A1D002AB210 /* DateView.swift */ = {isa = PBXFileReference; lastKnownFileType = sourcecode.swift; path = DateView.swift; sourceTree = "<group>"; };
		83E540162C6CE6B900509671 /* EventListSample.swift */ = {isa = PBXFileReference; lastKnownFileType = sourcecode.swift; path = EventListSample.swift; sourceTree = "<group>"; };
/* End PBXFileReference section */

/* Begin PBXFrameworksBuildPhase section */
		83BD79812C68BB570044C453 /* Frameworks */ = {
			isa = PBXFrameworksBuildPhase;
			buildActionMask = 2147483647;
			files = (
			);
			runOnlyForDeploymentPostprocessing = 0;
		};
		83BD79912C68BB590044C453 /* Frameworks */ = {
			isa = PBXFrameworksBuildPhase;
			buildActionMask = 2147483647;
			files = (
			);
			runOnlyForDeploymentPostprocessing = 0;
		};
		83BD799B2C68BB590044C453 /* Frameworks */ = {
			isa = PBXFrameworksBuildPhase;
			buildActionMask = 2147483647;
			files = (
			);
			runOnlyForDeploymentPostprocessing = 0;
		};
/* End PBXFrameworksBuildPhase section */

/* Begin PBXGroup section */
		835F7AD02C70CD23006AEE89 /* Utils */ = {
			isa = PBXGroup;
			children = (
				835F7AD12C70CD3F006AEE89 /* FetchImageByURL.swift */,
			);
			path = Utils;
			sourceTree = "<group>";
		};
		8385C5A92C6E6AF900D1DD21 /* UIComponent */ = {
			isa = PBXGroup;
			children = (
				8385C5AA2C6E6B1500D1DD21 /* CategoryLabelView.swift */,
				8385C5AC2C6E6B5E00D1DD21 /* ImageCarouselView.swift */,
			);
			path = UIComponent;
			sourceTree = "<group>";
		};
		83B5CA8C2C6910F800C69ED1 /* Resource */ = {
			isa = PBXGroup;
			children = (
				83B5CA8D2C69118000C69ED1 /* Font */,
				8369B3742C6905F6005ACDBD /* ColorExtension.swift */,
				83B5CA8A2C6910D900C69ED1 /* FontExtension.swift */,
				83BD798B2C68BB580044C453 /* Assets.xcassets */,
			);
			path = Resource;
			sourceTree = "<group>";
		};
		83B5CA8D2C69118000C69ED1 /* Font */ = {
			isa = PBXGroup;
			children = (
				83B5CA8E2C6911AE00C69ED1 /* Pretendard-Black.ttf */,
				83B5CA902C6911AF00C69ED1 /* Pretendard-Bold.ttf */,
				83B5CA8F2C6911AF00C69ED1 /* Pretendard-ExtraBold.ttf */,
				83B5CA952C6911AF00C69ED1 /* Pretendard-ExtraLight.ttf */,
				83B5CA932C6911AF00C69ED1 /* Pretendard-Light.ttf */,
				83B5CA922C6911AF00C69ED1 /* Pretendard-Medium.ttf */,
				83B5CA912C6911AF00C69ED1 /* Pretendard-Regular.ttf */,
				83B5CA942C6911AF00C69ED1 /* Pretendard-SemiBold.ttf */,
				83B5CA962C6911AF00C69ED1 /* Pretendard-Thin.ttf */,
			);
			path = Font;
			sourceTree = "<group>";
		};
		83BD797B2C68BB570044C453 = {
			isa = PBXGroup;
			children = (
				83BD79862C68BB570044C453 /* Cookiee */,
				83BD79972C68BB590044C453 /* CookieeTests */,
				83BD79A12C68BB590044C453 /* CookieeUITests */,
				83BD79852C68BB570044C453 /* Products */,
			);
			sourceTree = "<group>";
		};
		83BD79852C68BB570044C453 /* Products */ = {
			isa = PBXGroup;
			children = (
				83BD79842C68BB570044C453 /* Cookiee.app */,
				83BD79942C68BB590044C453 /* CookieeTests.xctest */,
				83BD799E2C68BB590044C453 /* CookieeUITests.xctest */,
			);
			name = Products;
			sourceTree = "<group>";
		};
		83BD79862C68BB570044C453 /* Cookiee */ = {
			isa = PBXGroup;
			children = (
				83B5CAA02C6911EB00C69ED1 /* Info.plist */,
				83BD79B12C68BBA10044C453 /* Cookiee.entitlements */,
				83BD79872C68BB570044C453 /* CookieeApp.swift */,
				83BD79892C68BB570044C453 /* ContentView.swift */,
				83BD79B82C68BE4C0044C453 /* SocialLoginView.swift */,
				83B5CA882C690DCE00C69ED1 /* TabBarView.swift */,
				83DC7F802C69DF76002AB210 /* HomeCalendarView.swift */,
				83DC7F822C6A2A1D002AB210 /* DateView.swift */,
				8385C5A52C6E229800D1DD21 /* EventDetailView.swift */,
				8383B48B2C74C74700C9127F /* MyPageView.swift */,
				83C861BB2C74E1DC004FDF7A /* PrivacyPolicyView.swift */,
				83B1C6B22C74E76900740EA3 /* CategoryEditView.swift */,
				835F7AD02C70CD23006AEE89 /* Utils */,
				8385C5A92C6E6AF900D1DD21 /* UIComponent */,
				83E540152C6CE6A300509671 /* SampleData */,
				83B5CA8C2C6910F800C69ED1 /* Resource */,
				83BD798D2C68BB580044C453 /* Preview Content */,
			);
			path = Cookiee;
			sourceTree = "<group>";
		};
		83BD798D2C68BB580044C453 /* Preview Content */ = {
			isa = PBXGroup;
			children = (
				83BD798E2C68BB580044C453 /* Preview Assets.xcassets */,
			);
			path = "Preview Content";
			sourceTree = "<group>";
		};
		83BD79972C68BB590044C453 /* CookieeTests */ = {
			isa = PBXGroup;
			children = (
				83BD79982C68BB590044C453 /* CookieeTests.swift */,
			);
			path = CookieeTests;
			sourceTree = "<group>";
		};
		83BD79A12C68BB590044C453 /* CookieeUITests */ = {
			isa = PBXGroup;
			children = (
				83BD79A22C68BB590044C453 /* CookieeUITests.swift */,
				83BD79A42C68BB590044C453 /* CookieeUITestsLaunchTests.swift */,
			);
			path = CookieeUITests;
			sourceTree = "<group>";
		};
		83E540152C6CE6A300509671 /* SampleData */ = {
			isa = PBXGroup;
			children = (
				8385C5A32C6E1EE600D1DD21 /* EventDetailSample.swift */,
				83E540162C6CE6B900509671 /* EventListSample.swift */,
			);
			path = SampleData;
			sourceTree = "<group>";
		};
/* End PBXGroup section */

/* Begin PBXNativeTarget section */
		83BD79832C68BB570044C453 /* Cookiee */ = {
			isa = PBXNativeTarget;
			buildConfigurationList = 83BD79A82C68BB590044C453 /* Build configuration list for PBXNativeTarget "Cookiee" */;
			buildPhases = (
				83BD79802C68BB570044C453 /* Sources */,
				83BD79812C68BB570044C453 /* Frameworks */,
				83BD79822C68BB570044C453 /* Resources */,
			);
			buildRules = (
			);
			dependencies = (
			);
			name = Cookiee;
			productName = Cookiee;
			productReference = 83BD79842C68BB570044C453 /* Cookiee.app */;
			productType = "com.apple.product-type.application";
		};
		83BD79932C68BB590044C453 /* CookieeTests */ = {
			isa = PBXNativeTarget;
			buildConfigurationList = 83BD79AB2C68BB590044C453 /* Build configuration list for PBXNativeTarget "CookieeTests" */;
			buildPhases = (
				83BD79902C68BB590044C453 /* Sources */,
				83BD79912C68BB590044C453 /* Frameworks */,
				83BD79922C68BB590044C453 /* Resources */,
			);
			buildRules = (
			);
			dependencies = (
				83BD79962C68BB590044C453 /* PBXTargetDependency */,
			);
			name = CookieeTests;
			productName = CookieeTests;
			productReference = 83BD79942C68BB590044C453 /* CookieeTests.xctest */;
			productType = "com.apple.product-type.bundle.unit-test";
		};
		83BD799D2C68BB590044C453 /* CookieeUITests */ = {
			isa = PBXNativeTarget;
			buildConfigurationList = 83BD79AE2C68BB590044C453 /* Build configuration list for PBXNativeTarget "CookieeUITests" */;
			buildPhases = (
				83BD799A2C68BB590044C453 /* Sources */,
				83BD799B2C68BB590044C453 /* Frameworks */,
				83BD799C2C68BB590044C453 /* Resources */,
			);
			buildRules = (
			);
			dependencies = (
				83BD79A02C68BB590044C453 /* PBXTargetDependency */,
			);
			name = CookieeUITests;
			productName = CookieeUITests;
			productReference = 83BD799E2C68BB590044C453 /* CookieeUITests.xctest */;
			productType = "com.apple.product-type.bundle.ui-testing";
		};
/* End PBXNativeTarget section */

/* Begin PBXProject section */
		83BD797C2C68BB570044C453 /* Project object */ = {
			isa = PBXProject;
			attributes = {
				BuildIndependentTargetsInParallel = 1;
				LastSwiftUpdateCheck = 1540;
				LastUpgradeCheck = 1540;
				TargetAttributes = {
					83BD79832C68BB570044C453 = {
						CreatedOnToolsVersion = 15.4;
					};
					83BD79932C68BB590044C453 = {
						CreatedOnToolsVersion = 15.4;
						TestTargetID = 83BD79832C68BB570044C453;
					};
					83BD799D2C68BB590044C453 = {
						CreatedOnToolsVersion = 15.4;
						TestTargetID = 83BD79832C68BB570044C453;
					};
				};
			};
			buildConfigurationList = 83BD797F2C68BB570044C453 /* Build configuration list for PBXProject "Cookiee" */;
			compatibilityVersion = "Xcode 14.0";
			developmentRegion = en;
			hasScannedForEncodings = 0;
			knownRegions = (
				en,
				Base,
			);
			mainGroup = 83BD797B2C68BB570044C453;
			productRefGroup = 83BD79852C68BB570044C453 /* Products */;
			projectDirPath = "";
			projectRoot = "";
			targets = (
				83BD79832C68BB570044C453 /* Cookiee */,
				83BD79932C68BB590044C453 /* CookieeTests */,
				83BD799D2C68BB590044C453 /* CookieeUITests */,
			);
		};
/* End PBXProject section */

/* Begin PBXResourcesBuildPhase section */
		83BD79822C68BB570044C453 /* Resources */ = {
			isa = PBXResourcesBuildPhase;
			buildActionMask = 2147483647;
			files = (
				83B5CA9D2C6911AF00C69ED1 /* Pretendard-SemiBold.ttf in Resources */,
				83BD798F2C68BB580044C453 /* Preview Assets.xcassets in Resources */,
				83B5CA992C6911AF00C69ED1 /* Pretendard-Bold.ttf in Resources */,
				83B5CA9A2C6911AF00C69ED1 /* Pretendard-Regular.ttf in Resources */,
				83BD798C2C68BB580044C453 /* Assets.xcassets in Resources */,
				83B5CA972C6911AF00C69ED1 /* Pretendard-Black.ttf in Resources */,
				83B5CA9B2C6911AF00C69ED1 /* Pretendard-Medium.ttf in Resources */,
				83B5CA9E2C6911AF00C69ED1 /* Pretendard-ExtraLight.ttf in Resources */,
				83B5CA9F2C6911AF00C69ED1 /* Pretendard-Thin.ttf in Resources */,
				83B5CA9C2C6911AF00C69ED1 /* Pretendard-Light.ttf in Resources */,
				83B5CA982C6911AF00C69ED1 /* Pretendard-ExtraBold.ttf in Resources */,
			);
			runOnlyForDeploymentPostprocessing = 0;
		};
		83BD79922C68BB590044C453 /* Resources */ = {
			isa = PBXResourcesBuildPhase;
			buildActionMask = 2147483647;
			files = (
			);
			runOnlyForDeploymentPostprocessing = 0;
		};
		83BD799C2C68BB590044C453 /* Resources */ = {
			isa = PBXResourcesBuildPhase;
			buildActionMask = 2147483647;
			files = (
			);
			runOnlyForDeploymentPostprocessing = 0;
		};
/* End PBXResourcesBuildPhase section */

/* Begin PBXSourcesBuildPhase section */
		83BD79802C68BB570044C453 /* Sources */ = {
			isa = PBXSourcesBuildPhase;
			buildActionMask = 2147483647;
			files = (
				83DC7F812C69DF76002AB210 /* HomeCalendarView.swift in Sources */,
				83B5CA8B2C6910D900C69ED1 /* FontExtension.swift in Sources */,
				8383B48C2C74C74700C9127F /* MyPageView.swift in Sources */,
				83DC7F832C6A2A1D002AB210 /* DateView.swift in Sources */,
				8385C5A42C6E1EE600D1DD21 /* EventDetailSample.swift in Sources */,
				83BD79B92C68BE4C0044C453 /* SocialLoginView.swift in Sources */,
				83BD798A2C68BB570044C453 /* ContentView.swift in Sources */,
				8385C5AB2C6E6B1500D1DD21 /* CategoryLabelView.swift in Sources */,
				835F7AD22C70CD3F006AEE89 /* FetchImageByURL.swift in Sources */,
				83BD79882C68BB570044C453 /* CookieeApp.swift in Sources */,
				83B5CA892C690DCE00C69ED1 /* TabBarView.swift in Sources */,
				83C861BC2C74E1DC004FDF7A /* PrivacyPolicyView.swift in Sources */,
				83E540172C6CE6B900509671 /* EventListSample.swift in Sources */,
				8385C5A62C6E229800D1DD21 /* EventDetailView.swift in Sources */,
				83B1C6B32C74E76900740EA3 /* CategoryEditView.swift in Sources */,
				8385C5AD2C6E6B5E00D1DD21 /* ImageCarouselView.swift in Sources */,
				8369B3752C6905F6005ACDBD /* ColorExtension.swift in Sources */,
			);
			runOnlyForDeploymentPostprocessing = 0;
		};
		83BD79902C68BB590044C453 /* Sources */ = {
			isa = PBXSourcesBuildPhase;
			buildActionMask = 2147483647;
			files = (
				83BD79992C68BB590044C453 /* CookieeTests.swift in Sources */,
			);
			runOnlyForDeploymentPostprocessing = 0;
		};
		83BD799A2C68BB590044C453 /* Sources */ = {
			isa = PBXSourcesBuildPhase;
			buildActionMask = 2147483647;
			files = (
				83BD79A52C68BB590044C453 /* CookieeUITestsLaunchTests.swift in Sources */,
				83BD79A32C68BB590044C453 /* CookieeUITests.swift in Sources */,
			);
			runOnlyForDeploymentPostprocessing = 0;
		};
/* End PBXSourcesBuildPhase section */

/* Begin PBXTargetDependency section */
		83BD79962C68BB590044C453 /* PBXTargetDependency */ = {
			isa = PBXTargetDependency;
			target = 83BD79832C68BB570044C453 /* Cookiee */;
			targetProxy = 83BD79952C68BB590044C453 /* PBXContainerItemProxy */;
		};
		83BD79A02C68BB590044C453 /* PBXTargetDependency */ = {
			isa = PBXTargetDependency;
			target = 83BD79832C68BB570044C453 /* Cookiee */;
			targetProxy = 83BD799F2C68BB590044C453 /* PBXContainerItemProxy */;
		};
/* End PBXTargetDependency section */

/* Begin XCBuildConfiguration section */
		83BD79A62C68BB590044C453 /* Debug */ = {
			isa = XCBuildConfiguration;
			buildSettings = {
				ALWAYS_SEARCH_USER_PATHS = NO;
				ASSETCATALOG_COMPILER_GENERATE_SWIFT_ASSET_SYMBOL_EXTENSIONS = YES;
				CLANG_ANALYZER_NONNULL = YES;
				CLANG_ANALYZER_NUMBER_OBJECT_CONVERSION = YES_AGGRESSIVE;
				CLANG_CXX_LANGUAGE_STANDARD = "gnu++20";
				CLANG_ENABLE_MODULES = YES;
				CLANG_ENABLE_OBJC_ARC = YES;
				CLANG_ENABLE_OBJC_WEAK = YES;
				CLANG_WARN_BLOCK_CAPTURE_AUTORELEASING = YES;
				CLANG_WARN_BOOL_CONVERSION = YES;
				CLANG_WARN_COMMA = YES;
				CLANG_WARN_CONSTANT_CONVERSION = YES;
				CLANG_WARN_DEPRECATED_OBJC_IMPLEMENTATIONS = YES;
				CLANG_WARN_DIRECT_OBJC_ISA_USAGE = YES_ERROR;
				CLANG_WARN_DOCUMENTATION_COMMENTS = YES;
				CLANG_WARN_EMPTY_BODY = YES;
				CLANG_WARN_ENUM_CONVERSION = YES;
				CLANG_WARN_INFINITE_RECURSION = YES;
				CLANG_WARN_INT_CONVERSION = YES;
				CLANG_WARN_NON_LITERAL_NULL_CONVERSION = YES;
				CLANG_WARN_OBJC_IMPLICIT_RETAIN_SELF = YES;
				CLANG_WARN_OBJC_LITERAL_CONVERSION = YES;
				CLANG_WARN_OBJC_ROOT_CLASS = YES_ERROR;
				CLANG_WARN_QUOTED_INCLUDE_IN_FRAMEWORK_HEADER = YES;
				CLANG_WARN_RANGE_LOOP_ANALYSIS = YES;
				CLANG_WARN_STRICT_PROTOTYPES = YES;
				CLANG_WARN_SUSPICIOUS_MOVE = YES;
				CLANG_WARN_UNGUARDED_AVAILABILITY = YES_AGGRESSIVE;
				CLANG_WARN_UNREACHABLE_CODE = YES;
				CLANG_WARN__DUPLICATE_METHOD_MATCH = YES;
				COPY_PHASE_STRIP = NO;
				DEBUG_INFORMATION_FORMAT = dwarf;
				ENABLE_STRICT_OBJC_MSGSEND = YES;
				ENABLE_TESTABILITY = YES;
				ENABLE_USER_SCRIPT_SANDBOXING = YES;
				GCC_C_LANGUAGE_STANDARD = gnu17;
				GCC_DYNAMIC_NO_PIC = NO;
				GCC_NO_COMMON_BLOCKS = YES;
				GCC_OPTIMIZATION_LEVEL = 0;
				GCC_PREPROCESSOR_DEFINITIONS = (
					"DEBUG=1",
					"$(inherited)",
				);
				GCC_WARN_64_TO_32_BIT_CONVERSION = YES;
				GCC_WARN_ABOUT_RETURN_TYPE = YES_ERROR;
				GCC_WARN_UNDECLARED_SELECTOR = YES;
				GCC_WARN_UNINITIALIZED_AUTOS = YES_AGGRESSIVE;
				GCC_WARN_UNUSED_FUNCTION = YES;
				GCC_WARN_UNUSED_VARIABLE = YES;
				IPHONEOS_DEPLOYMENT_TARGET = 17.5;
				LOCALIZATION_PREFERS_STRING_CATALOGS = YES;
				MTL_ENABLE_DEBUG_INFO = INCLUDE_SOURCE;
				MTL_FAST_MATH = YES;
				ONLY_ACTIVE_ARCH = YES;
				SDKROOT = iphoneos;
				SWIFT_ACTIVE_COMPILATION_CONDITIONS = "DEBUG $(inherited)";
				SWIFT_OPTIMIZATION_LEVEL = "-Onone";
			};
			name = Debug;
		};
		83BD79A72C68BB590044C453 /* Release */ = {
			isa = XCBuildConfiguration;
			buildSettings = {
				ALWAYS_SEARCH_USER_PATHS = NO;
				ASSETCATALOG_COMPILER_GENERATE_SWIFT_ASSET_SYMBOL_EXTENSIONS = YES;
				CLANG_ANALYZER_NONNULL = YES;
				CLANG_ANALYZER_NUMBER_OBJECT_CONVERSION = YES_AGGRESSIVE;
				CLANG_CXX_LANGUAGE_STANDARD = "gnu++20";
				CLANG_ENABLE_MODULES = YES;
				CLANG_ENABLE_OBJC_ARC = YES;
				CLANG_ENABLE_OBJC_WEAK = YES;
				CLANG_WARN_BLOCK_CAPTURE_AUTORELEASING = YES;
				CLANG_WARN_BOOL_CONVERSION = YES;
				CLANG_WARN_COMMA = YES;
				CLANG_WARN_CONSTANT_CONVERSION = YES;
				CLANG_WARN_DEPRECATED_OBJC_IMPLEMENTATIONS = YES;
				CLANG_WARN_DIRECT_OBJC_ISA_USAGE = YES_ERROR;
				CLANG_WARN_DOCUMENTATION_COMMENTS = YES;
				CLANG_WARN_EMPTY_BODY = YES;
				CLANG_WARN_ENUM_CONVERSION = YES;
				CLANG_WARN_INFINITE_RECURSION = YES;
				CLANG_WARN_INT_CONVERSION = YES;
				CLANG_WARN_NON_LITERAL_NULL_CONVERSION = YES;
				CLANG_WARN_OBJC_IMPLICIT_RETAIN_SELF = YES;
				CLANG_WARN_OBJC_LITERAL_CONVERSION = YES;
				CLANG_WARN_OBJC_ROOT_CLASS = YES_ERROR;
				CLANG_WARN_QUOTED_INCLUDE_IN_FRAMEWORK_HEADER = YES;
				CLANG_WARN_RANGE_LOOP_ANALYSIS = YES;
				CLANG_WARN_STRICT_PROTOTYPES = YES;
				CLANG_WARN_SUSPICIOUS_MOVE = YES;
				CLANG_WARN_UNGUARDED_AVAILABILITY = YES_AGGRESSIVE;
				CLANG_WARN_UNREACHABLE_CODE = YES;
				CLANG_WARN__DUPLICATE_METHOD_MATCH = YES;
				COPY_PHASE_STRIP = NO;
				DEBUG_INFORMATION_FORMAT = "dwarf-with-dsym";
				ENABLE_NS_ASSERTIONS = NO;
				ENABLE_STRICT_OBJC_MSGSEND = YES;
				ENABLE_USER_SCRIPT_SANDBOXING = YES;
				GCC_C_LANGUAGE_STANDARD = gnu17;
				GCC_NO_COMMON_BLOCKS = YES;
				GCC_WARN_64_TO_32_BIT_CONVERSION = YES;
				GCC_WARN_ABOUT_RETURN_TYPE = YES_ERROR;
				GCC_WARN_UNDECLARED_SELECTOR = YES;
				GCC_WARN_UNINITIALIZED_AUTOS = YES_AGGRESSIVE;
				GCC_WARN_UNUSED_FUNCTION = YES;
				GCC_WARN_UNUSED_VARIABLE = YES;
				IPHONEOS_DEPLOYMENT_TARGET = 17.5;
				LOCALIZATION_PREFERS_STRING_CATALOGS = YES;
				MTL_ENABLE_DEBUG_INFO = NO;
				MTL_FAST_MATH = YES;
				SDKROOT = iphoneos;
				SWIFT_COMPILATION_MODE = wholemodule;
				VALIDATE_PRODUCT = YES;
			};
			name = Release;
		};
		83BD79A92C68BB590044C453 /* Debug */ = {
			isa = XCBuildConfiguration;
			buildSettings = {
				ASSETCATALOG_COMPILER_APPICON_NAME = AppIcon;
				ASSETCATALOG_COMPILER_GLOBAL_ACCENT_COLOR_NAME = AccentColor;
				CODE_SIGN_ENTITLEMENTS = Cookiee/Cookiee.entitlements;
				CODE_SIGN_STYLE = Automatic;
				CURRENT_PROJECT_VERSION = 1;
				DEVELOPMENT_ASSET_PATHS = "\"Cookiee/Preview Content\"";
				DEVELOPMENT_TEAM = ATV75VJ92J;
				ENABLE_PREVIEWS = YES;
				GENERATE_INFOPLIST_FILE = YES;
				INFOPLIST_FILE = Cookiee/Info.plist;
				INFOPLIST_KEY_UIApplicationSceneManifest_Generation = YES;
				INFOPLIST_KEY_UIApplicationSupportsIndirectInputEvents = YES;
				INFOPLIST_KEY_UILaunchScreen_Generation = YES;
				INFOPLIST_KEY_UISupportedInterfaceOrientations_iPad = "UIInterfaceOrientationPortrait UIInterfaceOrientationPortraitUpsideDown UIInterfaceOrientationLandscapeLeft UIInterfaceOrientationLandscapeRight";
				INFOPLIST_KEY_UISupportedInterfaceOrientations_iPhone = "UIInterfaceOrientationPortrait UIInterfaceOrientationLandscapeLeft UIInterfaceOrientationLandscapeRight";
				LD_RUNPATH_SEARCH_PATHS = (
					"$(inherited)",
					"@executable_path/Frameworks",
				);
				MARKETING_VERSION = 1.0;
				PRODUCT_BUNDLE_IDENTIFIER = site.cookiee.cookiee;
				PRODUCT_NAME = "$(TARGET_NAME)";
				SWIFT_EMIT_LOC_STRINGS = YES;
				SWIFT_VERSION = 5.0;
				TARGETED_DEVICE_FAMILY = 1;
			};
			name = Debug;
		};
		83BD79AA2C68BB590044C453 /* Release */ = {
			isa = XCBuildConfiguration;
			buildSettings = {
				ASSETCATALOG_COMPILER_APPICON_NAME = AppIcon;
				ASSETCATALOG_COMPILER_GLOBAL_ACCENT_COLOR_NAME = AccentColor;
				CODE_SIGN_ENTITLEMENTS = Cookiee/Cookiee.entitlements;
				CODE_SIGN_STYLE = Automatic;
				CURRENT_PROJECT_VERSION = 1;
				DEVELOPMENT_ASSET_PATHS = "\"Cookiee/Preview Content\"";
				DEVELOPMENT_TEAM = ATV75VJ92J;
				ENABLE_PREVIEWS = YES;
				GENERATE_INFOPLIST_FILE = YES;
				INFOPLIST_FILE = Cookiee/Info.plist;
				INFOPLIST_KEY_UIApplicationSceneManifest_Generation = YES;
				INFOPLIST_KEY_UIApplicationSupportsIndirectInputEvents = YES;
				INFOPLIST_KEY_UILaunchScreen_Generation = YES;
				INFOPLIST_KEY_UISupportedInterfaceOrientations_iPad = "UIInterfaceOrientationPortrait UIInterfaceOrientationPortraitUpsideDown UIInterfaceOrientationLandscapeLeft UIInterfaceOrientationLandscapeRight";
				INFOPLIST_KEY_UISupportedInterfaceOrientations_iPhone = "UIInterfaceOrientationPortrait UIInterfaceOrientationLandscapeLeft UIInterfaceOrientationLandscapeRight";
				LD_RUNPATH_SEARCH_PATHS = (
					"$(inherited)",
					"@executable_path/Frameworks",
				);
				MARKETING_VERSION = 1.0;
				PRODUCT_BUNDLE_IDENTIFIER = site.cookiee.cookiee;
				PRODUCT_NAME = "$(TARGET_NAME)";
				SWIFT_EMIT_LOC_STRINGS = YES;
				SWIFT_VERSION = 5.0;
				TARGETED_DEVICE_FAMILY = 1;
			};
			name = Release;
		};
		83BD79AC2C68BB590044C453 /* Debug */ = {
			isa = XCBuildConfiguration;
			buildSettings = {
				ALWAYS_EMBED_SWIFT_STANDARD_LIBRARIES = YES;
				BUNDLE_LOADER = "$(TEST_HOST)";
				CODE_SIGN_STYLE = Automatic;
				CURRENT_PROJECT_VERSION = 1;
				DEVELOPMENT_TEAM = ATV75VJ92J;
				GENERATE_INFOPLIST_FILE = YES;
				IPHONEOS_DEPLOYMENT_TARGET = 17.5;
				MARKETING_VERSION = 1.0;
				PRODUCT_BUNDLE_IDENTIFIER = site.cookiee.CookieeTests;
				PRODUCT_NAME = "$(TARGET_NAME)";
				SWIFT_EMIT_LOC_STRINGS = NO;
				SWIFT_VERSION = 5.0;
				TARGETED_DEVICE_FAMILY = "1,2";
				TEST_HOST = "$(BUILT_PRODUCTS_DIR)/Cookiee.app/$(BUNDLE_EXECUTABLE_FOLDER_PATH)/Cookiee";
			};
			name = Debug;
		};
		83BD79AD2C68BB590044C453 /* Release */ = {
			isa = XCBuildConfiguration;
			buildSettings = {
				ALWAYS_EMBED_SWIFT_STANDARD_LIBRARIES = YES;
				BUNDLE_LOADER = "$(TEST_HOST)";
				CODE_SIGN_STYLE = Automatic;
				CURRENT_PROJECT_VERSION = 1;
				DEVELOPMENT_TEAM = ATV75VJ92J;
				GENERATE_INFOPLIST_FILE = YES;
				IPHONEOS_DEPLOYMENT_TARGET = 17.5;
				MARKETING_VERSION = 1.0;
				PRODUCT_BUNDLE_IDENTIFIER = site.cookiee.CookieeTests;
				PRODUCT_NAME = "$(TARGET_NAME)";
				SWIFT_EMIT_LOC_STRINGS = NO;
				SWIFT_VERSION = 5.0;
				TARGETED_DEVICE_FAMILY = "1,2";
				TEST_HOST = "$(BUILT_PRODUCTS_DIR)/Cookiee.app/$(BUNDLE_EXECUTABLE_FOLDER_PATH)/Cookiee";
			};
			name = Release;
		};
		83BD79AF2C68BB590044C453 /* Debug */ = {
			isa = XCBuildConfiguration;
			buildSettings = {
				ALWAYS_EMBED_SWIFT_STANDARD_LIBRARIES = YES;
				CODE_SIGN_STYLE = Automatic;
				CURRENT_PROJECT_VERSION = 1;
				DEVELOPMENT_TEAM = ATV75VJ92J;
				GENERATE_INFOPLIST_FILE = YES;
				MARKETING_VERSION = 1.0;
				PRODUCT_BUNDLE_IDENTIFIER = site.cookiee.CookieeUITests;
				PRODUCT_NAME = "$(TARGET_NAME)";
				SWIFT_EMIT_LOC_STRINGS = NO;
				SWIFT_VERSION = 5.0;
				TARGETED_DEVICE_FAMILY = "1,2";
				TEST_TARGET_NAME = Cookiee;
			};
			name = Debug;
		};
		83BD79B02C68BB590044C453 /* Release */ = {
			isa = XCBuildConfiguration;
			buildSettings = {
				ALWAYS_EMBED_SWIFT_STANDARD_LIBRARIES = YES;
				CODE_SIGN_STYLE = Automatic;
				CURRENT_PROJECT_VERSION = 1;
				DEVELOPMENT_TEAM = ATV75VJ92J;
				GENERATE_INFOPLIST_FILE = YES;
				MARKETING_VERSION = 1.0;
				PRODUCT_BUNDLE_IDENTIFIER = site.cookiee.CookieeUITests;
				PRODUCT_NAME = "$(TARGET_NAME)";
				SWIFT_EMIT_LOC_STRINGS = NO;
				SWIFT_VERSION = 5.0;
				TARGETED_DEVICE_FAMILY = "1,2";
				TEST_TARGET_NAME = Cookiee;
			};
			name = Release;
		};
/* End XCBuildConfiguration section */

/* Begin XCConfigurationList section */
		83BD797F2C68BB570044C453 /* Build configuration list for PBXProject "Cookiee" */ = {
			isa = XCConfigurationList;
			buildConfigurations = (
				83BD79A62C68BB590044C453 /* Debug */,
				83BD79A72C68BB590044C453 /* Release */,
			);
			defaultConfigurationIsVisible = 0;
			defaultConfigurationName = Release;
		};
		83BD79A82C68BB590044C453 /* Build configuration list for PBXNativeTarget "Cookiee" */ = {
			isa = XCConfigurationList;
			buildConfigurations = (
				83BD79A92C68BB590044C453 /* Debug */,
				83BD79AA2C68BB590044C453 /* Release */,
			);
			defaultConfigurationIsVisible = 0;
			defaultConfigurationName = Release;
		};
		83BD79AB2C68BB590044C453 /* Build configuration list for PBXNativeTarget "CookieeTests" */ = {
			isa = XCConfigurationList;
			buildConfigurations = (
				83BD79AC2C68BB590044C453 /* Debug */,
				83BD79AD2C68BB590044C453 /* Release */,
			);
			defaultConfigurationIsVisible = 0;
			defaultConfigurationName = Release;
		};
		83BD79AE2C68BB590044C453 /* Build configuration list for PBXNativeTarget "CookieeUITests" */ = {
			isa = XCConfigurationList;
			buildConfigurations = (
				83BD79AF2C68BB590044C453 /* Debug */,
				83BD79B02C68BB590044C453 /* Release */,
			);
			defaultConfigurationIsVisible = 0;
			defaultConfigurationName = Release;
		};
/* End XCConfigurationList section */
	};
	rootObject = 83BD797C2C68BB570044C453 /* Project object */;
}
